
Microsoft Visual Studio Solution File, Format Version 12.00
# Visual Studio Version 17
VisualStudioVersion = 17.6.33513.286
MinimumVisualStudioVersion = 10.0.40219.1
Project("{2150E333-8FDC-42A3-9474-1A3956D46DE8}") = "src", "src", "{E2E3A60D-9FBB-46F8-AFD5-0586917688BD}"
EndProject
Project("{2150E333-8FDC-42A3-9474-1A3956D46DE8}") = "TicTacToe", "TicTacToe", "{0044B305-8ECD-4665-9557-CD15B790315D}"
EndProject
Project("{9A19103F-16F7-4668-BE54-9A1E7A4F7556}") = "TicTacToe", "src\TicTacToe\DomainModel\Basic\TicTacToe\TicTacToe.csproj", "{EEBCF399-179D-4CB9-8260-D8B99ED90F91}"
EndProject
Project("{2150E333-8FDC-42A3-9474-1A3956D46DE8}") = "DomainModel", "DomainModel", "{19195DFF-F683-4FFD-BB12-922FA156837A}"
EndProject
Project("{2150E333-8FDC-42A3-9474-1A3956D46DE8}") = "Basic", "Basic", "{C2A5C865-00FC-42E8-82CA-F1B29B3EB44B}"
EndProject
Project("{2150E333-8FDC-42A3-9474-1A3956D46DE8}") = "WithMachine", "WithMachine", "{A02FB096-B0A8-4803-956D-94675AD4FEB0}"
EndProject
Project("{9A19103F-16F7-4668-BE54-9A1E7A4F7556}") = "TicTacToe", "src\TicTacToe\DomainModel\Machine\TicTacToe\TicTacToe.csproj", "{B5BB447E-B635-4CA2-918A-5DDC32F313C7}"
EndProject
Project("{2150E333-8FDC-42A3-9474-1A3956D46DE8}") = "DocumentView", "DocumentView", "{C82C0850-C197-45B9-9E26-B317473C19D0}"
EndProject
Project("{9A19103F-16F7-4668-BE54-9A1E7A4F7556}") = "TicTacToe.ConsoleApp", "src\TicTacToe\DocumentView\Basic\TicTacToe.ConsoleApp\TicTacToe.ConsoleApp.csproj", "{FDF74A11-606B-47AE-BD41-1CCF8A4F0D80}"
EndProject
Project("{2150E333-8FDC-42A3-9474-1A3956D46DE8}") = "Basic", "Basic", "{420F662D-3E62-4289-B914-B3A9CBC9159C}"
EndProject
Project("{9A19103F-16F7-4668-BE54-9A1E7A4F7556}") = "TicTacToe.ConsoleApp", "src\TicTacToe\DocumentView\WithFactoryMethod\TicTacToe.ConsoleApp\TicTacToe.ConsoleApp.csproj", "{90498C30-9438-42E2-B12E-53DFA9B0C467}"
EndProject
Project("{2150E333-8FDC-42A3-9474-1A3956D46DE8}") = "WithFactoryMethod", "WithFactoryMethod", "{8B34B74D-445A-4D1E-BF6B-8EB8A2DF3769}"
EndProject
Project("{9A19103F-16F7-4668-BE54-9A1E7A4F7556}") = "TicTacToe.Models", "src\TicTacToe\DocumentView\Basic\TicTacToe.Models\TicTacToe.Models.csproj", "{053CFF30-2AA3-48FC-8BCD-505C24A616A1}"
EndProject
Project("{9A19103F-16F7-4668-BE54-9A1E7A4F7556}") = "TicTacToe.Views", "src\TicTacToe\DocumentView\Basic\TicTacToe.Views\TicTacToe.Views.csproj", "{6445D883-DDE2-4E06-BD69-9C0F34BC9B3F}"
EndProject
Project("{9A19103F-16F7-4668-BE54-9A1E7A4F7556}") = "TicTacToe", "src\TicTacToe\DocumentView\Basic\TicTacToe\TicTacToe.csproj", "{7A5F2DFB-ABE3-43AF-BE9B-15945E65220E}"
EndProject
Project("{9A19103F-16F7-4668-BE54-9A1E7A4F7556}") = "TicTacToe.Models", "src\TicTacToe\DocumentView\WithFactoryMethod\TicTacToe.Models\TicTacToe.Models.csproj", "{2E37DF7A-A5B2-49EF-9F18-60B709CF979F}"
EndProject
Project("{9A19103F-16F7-4668-BE54-9A1E7A4F7556}") = "TicTacToe.Types", "src\TicTacToe\DocumentView\WithFactoryMethod\TicTacToe.Types\TicTacToe.Types.csproj", "{50975C92-62E5-4785-A4B0-CA8384382281}"
EndProject
Project("{9A19103F-16F7-4668-BE54-9A1E7A4F7556}") = "TicTacToe.Utils", "src\TicTacToe\DocumentView\WithFactoryMethod\TicTacToe.Utils\TicTacToe.Utils.csproj", "{E1F71403-8EE7-4123-A306-CDE3792AD884}"
EndProject
Project("{9A19103F-16F7-4668-BE54-9A1E7A4F7556}") = "TicTacToe.Views", "src\TicTacToe\DocumentView\WithFactoryMethod\TicTacToe.Views\TicTacToe.Views.csproj", "{B1C4D55F-5B79-498C-8DD8-E062975A1D3A}"
EndProject
Project("{9A19103F-16F7-4668-BE54-9A1E7A4F7556}") = "TicTacToe", "src\TicTacToe\DocumentView\WithFactoryMethod\TicTacToe\TicTacToe.csproj", "{A54167AB-0B21-48CC-8090-AE8AB43F986A}"
EndProject
Project("{9A19103F-16F7-4668-BE54-9A1E7A4F7556}") = "MastermindConsoleApp", "src\Mastermind\DomainModel\Mastermind\MastermindConsoleApp\MastermindConsoleApp.csproj", "{9F76D2AD-9695-4E88-A43C-9D00AC59DAD4}"
EndProject
Project("{2150E333-8FDC-42A3-9474-1A3956D46DE8}") = "Mastermind", "Mastermind", "{844A7106-A477-4C5B-AAC4-66315A2B8992}"
EndProject
Project("{2150E333-8FDC-42A3-9474-1A3956D46DE8}") = "DomainModels", "DomainModels", "{2664629C-4645-4D7C-9BF0-7B0DAD5CBDF7}"
EndProject
Project("{9A19103F-16F7-4668-BE54-9A1E7A4F7556}") = "Mastermind.Models", "src\Mastermind\DocumentView\Basic\Mastermind\Mastermind.Models\Mastermind.Models.csproj", "{9118629D-7230-4AE6-85A5-637B4A71E211}"
EndProject
Project("{2150E333-8FDC-42A3-9474-1A3956D46DE8}") = "DocumentView", "DocumentView", "{F7AC2A85-93CC-4A34-836F-1AFA6B4E1ED8}"
EndProject
Project("{2150E333-8FDC-42A3-9474-1A3956D46DE8}") = "Basic", "Basic", "{1E0E0006-FFED-4B0F-9DD8-8CFE0A5EE957}"
EndProject
Project("{9A19103F-16F7-4668-BE54-9A1E7A4F7556}") = "Mastermind.ConsoleApp", "src\Mastermind\DocumentView\Basic\Mastermind.ConsoleApp\Mastermind.ConsoleApp.csproj", "{EC363B95-9109-4579-A50F-EAA9D934963F}"
EndProject
Project("{9A19103F-16F7-4668-BE54-9A1E7A4F7556}") = "Mastermind.Types", "src\Mastermind\DocumentView\Basic\Mastermind.Types\Mastermind.Types.csproj", "{D1BB8799-B791-49B5-8130-AAA573535217}"
EndProject
Project("{2150E333-8FDC-42A3-9474-1A3956D46DE8}") = "PresentationModels", "PresentationModels", "{CE868F99-1DB4-4A58-A550-CEB84C18EC49}"
EndProject
Project("{9A19103F-16F7-4668-BE54-9A1E7A4F7556}") = "Mastermind", "src\Mastermind\ModelViewPresenter\PresentationModel\Basic\Mastermind\Mastermind.csproj", "{0475D86A-DCAC-4D43-A0EF-57E8319C8CA3}"
EndProject
Project("{2150E333-8FDC-42A3-9474-1A3956D46DE8}") = "Basic", "Basic", "{1D2D467E-F6DA-4D01-B735-4A9C484D42AB}"
EndProject
Project("{9A19103F-16F7-4668-BE54-9A1E7A4F7556}") = "Mastermind.ConsoleApp", "src\Mastermind\ModelViewPresenter\PresentationModel\Basic\Mastermind.ConsoleApp\Mastermind.ConsoleApp.csproj", "{EAAC2567-E646-4417-883B-2545C8E12DE7}"
EndProject
Project("{9A19103F-16F7-4668-BE54-9A1E7A4F7556}") = "Mastermind.Controllers", "src\Mastermind\ModelViewPresenter\PresentationModel\Basic\Mastermind.Controllers\Mastermind.Controllers.csproj", "{6C56272E-16E3-405F-891F-5FF3FB0665E6}"
EndProject
Project("{9A19103F-16F7-4668-BE54-9A1E7A4F7556}") = "Mastermind.GameViews", "src\Mastermind\ModelViewPresenter\PresentationModel\Basic\Mastermind.GameViews\Mastermind.GameViews.csproj", "{22C3040D-DFDE-4439-ACFC-BC5178D1C49F}"
EndProject
Project("{9A19103F-16F7-4668-BE54-9A1E7A4F7556}") = "Mastermind.Models", "src\Mastermind\ModelViewPresenter\PresentationModel\Basic\Mastermind.Models\Mastermind.Models.csproj", "{AA48D0A3-980C-4DE9-86FB-6A1AD9F23532}"
EndProject
Project("{9A19103F-16F7-4668-BE54-9A1E7A4F7556}") = "Mastermind.Types", "src\Mastermind\ModelViewPresenter\PresentationModel\Basic\Mastermind.Types\Mastermind.Types.csproj", "{ED8753B0-58E1-4CB9-9205-D5BE15732E73}"
EndProject
Project("{9A19103F-16F7-4668-BE54-9A1E7A4F7556}") = "Mastermind", "src\Mastermind\ModelViewPresenter\PresentationModel\WithOutDoubleDispatching\Mastermind\Mastermind.csproj", "{26C8392D-AE03-45E2-8F5D-830992AFAA22}"
EndProject
Project("{2150E333-8FDC-42A3-9474-1A3956D46DE8}") = "WithOutDoubleDispatching", "WithOutDoubleDispatching", "{990BB04D-6773-4C3F-932A-93E51C85C7AB}"
EndProject
Project("{9A19103F-16F7-4668-BE54-9A1E7A4F7556}") = "Mastermind.ConsoleApp", "src\Mastermind\ModelViewPresenter\PresentationModel\WithOutDoubleDispatching\Mastermind.ConsoleApp\Mastermind.ConsoleApp.csproj", "{B85E94A2-5D48-4354-9A15-3CCF56DD7A8F}"
EndProject
Project("{9A19103F-16F7-4668-BE54-9A1E7A4F7556}") = "Mastermind.Controllers", "src\Mastermind\ModelViewPresenter\PresentationModel\WithOutDoubleDispatching\Mastermind.Controllers\Mastermind.Controllers.csproj", "{E1841875-8864-4559-BA5D-2EF8C3D47FDA}"
EndProject
Project("{9A19103F-16F7-4668-BE54-9A1E7A4F7556}") = "Mastermind.GameViews", "src\Mastermind\ModelViewPresenter\PresentationModel\WithOutDoubleDispatching\Mastermind.GameViews\Mastermind.GameViews.csproj", "{A0AD332B-A4D0-41CA-B163-E7ADF3679B73}"
EndProject
Project("{9A19103F-16F7-4668-BE54-9A1E7A4F7556}") = "Mastermind.Models", "src\Mastermind\ModelViewPresenter\PresentationModel\WithOutDoubleDispatching\Mastermind.Models\Mastermind.Models.csproj", "{28AC5CBB-D289-4C80-B528-62B5B2E0356F}"
EndProject
Project("{9A19103F-16F7-4668-BE54-9A1E7A4F7556}") = "Mastermind.Types", "src\Mastermind\ModelViewPresenter\PresentationModel\WithOutDoubleDispatching\Mastermind.Types\Mastermind.Types.csproj", "{04135D5B-031D-4D85-9432-E99CFA8DB33F}"
EndProject
Project("{2150E333-8FDC-42A3-9474-1A3956D46DE8}") = "WithDoubleDispatching", "WithDoubleDispatching", "{5AB45C1F-FD0F-4FCE-A3E3-8EEDAA426CD7}"
EndProject
Project("{9A19103F-16F7-4668-BE54-9A1E7A4F7556}") = "Mastermind", "src\Mastermind\ModelViewPresenter\PresentationModel\WithDoubleDispatching\Mastermind\Mastermind.csproj", "{5254248E-5DF9-4C84-889E-23F3C2BD47B3}"
EndProject
Project("{9A19103F-16F7-4668-BE54-9A1E7A4F7556}") = "Mastermind.ConsoleApp", "src\Mastermind\ModelViewPresenter\PresentationModel\WithDoubleDispatching\Mastermind.ConsoleApp\Mastermind.ConsoleApp.csproj", "{1DF39536-8D5D-4D56-B717-DA7677ADB379}"
EndProject
Project("{9A19103F-16F7-4668-BE54-9A1E7A4F7556}") = "Mastermind.Controllers", "src\Mastermind\ModelViewPresenter\PresentationModel\WithDoubleDispatching\Mastermind.Controllers\Mastermind.Controllers.csproj", "{9E4DFC8F-1C1B-4856-B4E4-701266E24D9F}"
EndProject
Project("{9A19103F-16F7-4668-BE54-9A1E7A4F7556}") = "Mastermind.GameViews", "src\Mastermind\ModelViewPresenter\PresentationModel\WithDoubleDispatching\Mastermind.GameViews\Mastermind.GameViews.csproj", "{E60BB380-D4B0-40DA-9834-6264B192BB88}"
EndProject
Project("{9A19103F-16F7-4668-BE54-9A1E7A4F7556}") = "Mastermind.Models", "src\Mastermind\ModelViewPresenter\PresentationModel\WithDoubleDispatching\Mastermind.Models\Mastermind.Models.csproj", "{79E89F11-AA2C-4B22-9976-1A399EDD76BC}"
EndProject
Project("{9A19103F-16F7-4668-BE54-9A1E7A4F7556}") = "Mastermind.Types", "src\Mastermind\ModelViewPresenter\PresentationModel\WithDoubleDispatching\Mastermind.Types\Mastermind.Types.csproj", "{122BA902-1A5E-422D-9265-C7A85901E097}"
EndProject
Project("{9A19103F-16F7-4668-BE54-9A1E7A4F7556}") = "Mastermind", "src\Mastermind\ModelViewPresenter\PresentationModel\Facade\Mastermind\Mastermind.csproj", "{973CF0CC-2934-4B62-A9EA-0FD4D1F2867D}"
EndProject
Project("{2150E333-8FDC-42A3-9474-1A3956D46DE8}") = "Fascade", "Fascade", "{13D82A39-60EB-40DD-BBB3-D692EBEDC5EE}"
EndProject
Project("{9A19103F-16F7-4668-BE54-9A1E7A4F7556}") = "Mastermind.ConsoleApp", "src\Mastermind\ModelViewPresenter\PresentationModel\Facade\Mastermind.ConsoleApp\Mastermind.ConsoleApp.csproj", "{08AD0830-DB08-4096-B23B-45D41CBC9A13}"
EndProject
Project("{9A19103F-16F7-4668-BE54-9A1E7A4F7556}") = "Mastermind.Controllers", "src\Mastermind\ModelViewPresenter\PresentationModel\Facade\Mastermind.Controllers\Mastermind.Controllers.csproj", "{6A77148E-B838-44FD-B3DD-3F4F3EF4A516}"
EndProject
Project("{9A19103F-16F7-4668-BE54-9A1E7A4F7556}") = "Mastermind.GameViews", "src\Mastermind\ModelViewPresenter\PresentationModel\Facade\Mastermind.GameViews\Mastermind.GameViews.csproj", "{05CC813B-E647-43C4-80E1-92F7497A5AD9}"
EndProject
Project("{9A19103F-16F7-4668-BE54-9A1E7A4F7556}") = "Mastermind.Models", "src\Mastermind\ModelViewPresenter\PresentationModel\Facade\Mastermind.Models\Mastermind.Models.csproj", "{D3A7F6C1-79A5-464E-A709-279E84476E39}"
EndProject
Project("{9A19103F-16F7-4668-BE54-9A1E7A4F7556}") = "Mastermind.Types", "src\Mastermind\ModelViewPresenter\PresentationModel\Facade\Mastermind.Types\Mastermind.Types.csproj", "{023527A0-7D6B-449C-B5C5-DE7DC9138C7D}"
EndProject
Project("{9A19103F-16F7-4668-BE54-9A1E7A4F7556}") = "Connect4", "src\Connect4\DomainModel\Basic\Connect4\Connect4.csproj", "{DD1EC426-A668-47DF-B73E-02491829E40C}"
EndProject
Project("{2150E333-8FDC-42A3-9474-1A3956D46DE8}") = "Connect4", "Connect4", "{560573AE-6D4B-41CF-9766-0DF4A3121979}"
EndProject
Project("{2150E333-8FDC-42A3-9474-1A3956D46DE8}") = "DomainModel", "DomainModel", "{B6E0F41D-E6B0-4421-B0FE-F1C33C81AC0F}"
EndProject
Project("{9A19103F-16F7-4668-BE54-9A1E7A4F7556}") = "ConnectFourConsoleApp", "src\Connect4\DomainModel\Machine\ConnectFourConsoleApp\ConnectFourConsoleApp.csproj", "{54BFA9E6-5FC0-4877-8AC8-41F0789C31AF}"
EndProject
Project("{2150E333-8FDC-42A3-9474-1A3956D46DE8}") = "Machine", "Machine", "{2F9A1458-E03F-4229-9129-B2241254E3B3}"
EndProject
Project("{2150E333-8FDC-42A3-9474-1A3956D46DE8}") = "DocumentView", "DocumentView", "{CA5D1022-15A3-4388-855A-9B5918B9549B}"
EndProject
Project("{9A19103F-16F7-4668-BE54-9A1E7A4F7556}") = "ConnectFour.ConsoleApp", "src\Connect4\DocumentView\Basic\ConnectFour.ConsoleApp\ConnectFour.ConsoleApp.csproj", "{9072FE50-FC78-49D3-96FE-6F26D9A8F289}"
EndProject
Project("{2150E333-8FDC-42A3-9474-1A3956D46DE8}") = "Basic", "Basic", "{0312931E-C7DA-4C4C-AD8A-FA5519530492}"
EndProject
Project("{9A19103F-16F7-4668-BE54-9A1E7A4F7556}") = "ConnectFour.Models", "src\Connect4\DocumentView\Basic\ConnectFour.Models\ConnectFour.Models.csproj", "{49BB27EA-7DFC-4834-99FD-92829A2A6B13}"
EndProject
Project("{9A19103F-16F7-4668-BE54-9A1E7A4F7556}") = "ConnectFour.Types", "src\Connect4\DocumentView\Basic\ConnectFour.Types\ConnectFour.Types.csproj", "{1CD4A77D-66F5-4C72-AC1C-9DFD7130838F}"
EndProject
Project("{9A19103F-16F7-4668-BE54-9A1E7A4F7556}") = "ConnectFour.Utils", "src\Connect4\DocumentView\Basic\ConnectFour.Utils\ConnectFour.Utils.csproj", "{12040660-3B48-4300-98E2-138E5797DEF1}"
EndProject
Project("{9A19103F-16F7-4668-BE54-9A1E7A4F7556}") = "ConnectFour", "src\Connect4\DocumentView\WithFactoryMethod\ConnectFour\ConnectFour.csproj", "{C9AF1947-CF76-40A5-8BDF-E875DAB38E1E}"
EndProject
Project("{2150E333-8FDC-42A3-9474-1A3956D46DE8}") = "WithFactoryMethod", "WithFactoryMethod", "{1B0451E3-8AE0-4265-8C26-018C391C0C01}"
EndProject
Project("{9A19103F-16F7-4668-BE54-9A1E7A4F7556}") = "ConnectFour.ConsoleApp", "src\Connect4\DocumentView\WithFactoryMethod\ConnectFour.ConsoleApp\ConnectFour.ConsoleApp.csproj", "{DA0478C7-CA88-4EA9-A136-505A29313B46}"
EndProject
Project("{9A19103F-16F7-4668-BE54-9A1E7A4F7556}") = "ConnectFour.Models", "src\Connect4\DocumentView\WithFactoryMethod\ConnectFour.Models\ConnectFour.Models.csproj", "{EC4D435E-30A8-4CB1-9435-7D76BC3A461C}"
EndProject
Project("{9A19103F-16F7-4668-BE54-9A1E7A4F7556}") = "ConnectFour.Types", "src\Connect4\DocumentView\WithFactoryMethod\ConnectFour.Types\ConnectFour.Types.csproj", "{69027E05-8148-423A-AA92-FCE68B359EDE}"
EndProject
Project("{9A19103F-16F7-4668-BE54-9A1E7A4F7556}") = "ConnectFour.Utils", "src\Connect4\DocumentView\WithFactoryMethod\ConnectFour.Utils\ConnectFour.Utils.csproj", "{4C85D2F7-B35E-401F-AFDC-0414547516F7}"
EndProject
Project("{2150E333-8FDC-42A3-9474-1A3956D46DE8}") = "Basic", "Basic", "{72FDC9E1-3AAB-46D2-B571-17A6035462F2}"
EndProject
Project("{FAE04EC0-301F-11D3-BF4B-00C04F79EFBC}") = "Mastermind.WindFormsApp", "src\Mastermind\ModelViewPresenter\PresentationModel\WithDoubleDispatching\Mastermind.WindFormsApp\Mastermind.WindFormsApp.csproj", "{B32B187F-0A8B-44C6-8680-36D813694395}"
EndProject
Global
	GlobalSection(SolutionConfigurationPlatforms) = preSolution
		Debug|Any CPU = Debug|Any CPU
		Release|Any CPU = Release|Any CPU
	EndGlobalSection
	GlobalSection(ProjectConfigurationPlatforms) = postSolution
		{EEBCF399-179D-4CB9-8260-D8B99ED90F91}.Debug|Any CPU.ActiveCfg = Debug|Any CPU
		{EEBCF399-179D-4CB9-8260-D8B99ED90F91}.Debug|Any CPU.Build.0 = Debug|Any CPU
		{EEBCF399-179D-4CB9-8260-D8B99ED90F91}.Release|Any CPU.ActiveCfg = Release|Any CPU
		{EEBCF399-179D-4CB9-8260-D8B99ED90F91}.Release|Any CPU.Build.0 = Release|Any CPU
		{B5BB447E-B635-4CA2-918A-5DDC32F313C7}.Debug|Any CPU.ActiveCfg = Debug|Any CPU
		{B5BB447E-B635-4CA2-918A-5DDC32F313C7}.Debug|Any CPU.Build.0 = Debug|Any CPU
		{B5BB447E-B635-4CA2-918A-5DDC32F313C7}.Release|Any CPU.ActiveCfg = Release|Any CPU
		{B5BB447E-B635-4CA2-918A-5DDC32F313C7}.Release|Any CPU.Build.0 = Release|Any CPU
		{FDF74A11-606B-47AE-BD41-1CCF8A4F0D80}.Debug|Any CPU.ActiveCfg = Debug|Any CPU
		{FDF74A11-606B-47AE-BD41-1CCF8A4F0D80}.Debug|Any CPU.Build.0 = Debug|Any CPU
		{FDF74A11-606B-47AE-BD41-1CCF8A4F0D80}.Release|Any CPU.ActiveCfg = Release|Any CPU
		{FDF74A11-606B-47AE-BD41-1CCF8A4F0D80}.Release|Any CPU.Build.0 = Release|Any CPU
		{90498C30-9438-42E2-B12E-53DFA9B0C467}.Debug|Any CPU.ActiveCfg = Debug|Any CPU
		{90498C30-9438-42E2-B12E-53DFA9B0C467}.Debug|Any CPU.Build.0 = Debug|Any CPU
		{90498C30-9438-42E2-B12E-53DFA9B0C467}.Release|Any CPU.ActiveCfg = Release|Any CPU
		{90498C30-9438-42E2-B12E-53DFA9B0C467}.Release|Any CPU.Build.0 = Release|Any CPU
		{053CFF30-2AA3-48FC-8BCD-505C24A616A1}.Debug|Any CPU.ActiveCfg = Debug|Any CPU
		{053CFF30-2AA3-48FC-8BCD-505C24A616A1}.Debug|Any CPU.Build.0 = Debug|Any CPU
		{053CFF30-2AA3-48FC-8BCD-505C24A616A1}.Release|Any CPU.ActiveCfg = Release|Any CPU
		{053CFF30-2AA3-48FC-8BCD-505C24A616A1}.Release|Any CPU.Build.0 = Release|Any CPU
		{6445D883-DDE2-4E06-BD69-9C0F34BC9B3F}.Debug|Any CPU.ActiveCfg = Debug|Any CPU
		{6445D883-DDE2-4E06-BD69-9C0F34BC9B3F}.Debug|Any CPU.Build.0 = Debug|Any CPU
		{6445D883-DDE2-4E06-BD69-9C0F34BC9B3F}.Release|Any CPU.ActiveCfg = Release|Any CPU
		{6445D883-DDE2-4E06-BD69-9C0F34BC9B3F}.Release|Any CPU.Build.0 = Release|Any CPU
		{7A5F2DFB-ABE3-43AF-BE9B-15945E65220E}.Debug|Any CPU.ActiveCfg = Debug|Any CPU
		{7A5F2DFB-ABE3-43AF-BE9B-15945E65220E}.Debug|Any CPU.Build.0 = Debug|Any CPU
		{7A5F2DFB-ABE3-43AF-BE9B-15945E65220E}.Release|Any CPU.ActiveCfg = Release|Any CPU
		{7A5F2DFB-ABE3-43AF-BE9B-15945E65220E}.Release|Any CPU.Build.0 = Release|Any CPU
		{2E37DF7A-A5B2-49EF-9F18-60B709CF979F}.Debug|Any CPU.ActiveCfg = Debug|Any CPU
		{2E37DF7A-A5B2-49EF-9F18-60B709CF979F}.Debug|Any CPU.Build.0 = Debug|Any CPU
		{2E37DF7A-A5B2-49EF-9F18-60B709CF979F}.Release|Any CPU.ActiveCfg = Release|Any CPU
		{2E37DF7A-A5B2-49EF-9F18-60B709CF979F}.Release|Any CPU.Build.0 = Release|Any CPU
		{50975C92-62E5-4785-A4B0-CA8384382281}.Debug|Any CPU.ActiveCfg = Debug|Any CPU
		{50975C92-62E5-4785-A4B0-CA8384382281}.Debug|Any CPU.Build.0 = Debug|Any CPU
		{50975C92-62E5-4785-A4B0-CA8384382281}.Release|Any CPU.ActiveCfg = Release|Any CPU
		{50975C92-62E5-4785-A4B0-CA8384382281}.Release|Any CPU.Build.0 = Release|Any CPU
		{E1F71403-8EE7-4123-A306-CDE3792AD884}.Debug|Any CPU.ActiveCfg = Debug|Any CPU
		{E1F71403-8EE7-4123-A306-CDE3792AD884}.Debug|Any CPU.Build.0 = Debug|Any CPU
		{E1F71403-8EE7-4123-A306-CDE3792AD884}.Release|Any CPU.ActiveCfg = Release|Any CPU
		{E1F71403-8EE7-4123-A306-CDE3792AD884}.Release|Any CPU.Build.0 = Release|Any CPU
		{B1C4D55F-5B79-498C-8DD8-E062975A1D3A}.Debug|Any CPU.ActiveCfg = Debug|Any CPU
		{B1C4D55F-5B79-498C-8DD8-E062975A1D3A}.Debug|Any CPU.Build.0 = Debug|Any CPU
		{B1C4D55F-5B79-498C-8DD8-E062975A1D3A}.Release|Any CPU.ActiveCfg = Release|Any CPU
		{B1C4D55F-5B79-498C-8DD8-E062975A1D3A}.Release|Any CPU.Build.0 = Release|Any CPU
		{A54167AB-0B21-48CC-8090-AE8AB43F986A}.Debug|Any CPU.ActiveCfg = Debug|Any CPU
		{A54167AB-0B21-48CC-8090-AE8AB43F986A}.Debug|Any CPU.Build.0 = Debug|Any CPU
		{A54167AB-0B21-48CC-8090-AE8AB43F986A}.Release|Any CPU.ActiveCfg = Release|Any CPU
		{A54167AB-0B21-48CC-8090-AE8AB43F986A}.Release|Any CPU.Build.0 = Release|Any CPU
		{9F76D2AD-9695-4E88-A43C-9D00AC59DAD4}.Debug|Any CPU.ActiveCfg = Debug|Any CPU
		{9F76D2AD-9695-4E88-A43C-9D00AC59DAD4}.Debug|Any CPU.Build.0 = Debug|Any CPU
		{9F76D2AD-9695-4E88-A43C-9D00AC59DAD4}.Release|Any CPU.ActiveCfg = Release|Any CPU
		{9F76D2AD-9695-4E88-A43C-9D00AC59DAD4}.Release|Any CPU.Build.0 = Release|Any CPU
		{9118629D-7230-4AE6-85A5-637B4A71E211}.Debug|Any CPU.ActiveCfg = Debug|Any CPU
		{9118629D-7230-4AE6-85A5-637B4A71E211}.Debug|Any CPU.Build.0 = Debug|Any CPU
		{9118629D-7230-4AE6-85A5-637B4A71E211}.Release|Any CPU.ActiveCfg = Release|Any CPU
		{9118629D-7230-4AE6-85A5-637B4A71E211}.Release|Any CPU.Build.0 = Release|Any CPU
		{EC363B95-9109-4579-A50F-EAA9D934963F}.Debug|Any CPU.ActiveCfg = Debug|Any CPU
		{EC363B95-9109-4579-A50F-EAA9D934963F}.Debug|Any CPU.Build.0 = Debug|Any CPU
		{EC363B95-9109-4579-A50F-EAA9D934963F}.Release|Any CPU.ActiveCfg = Release|Any CPU
		{EC363B95-9109-4579-A50F-EAA9D934963F}.Release|Any CPU.Build.0 = Release|Any CPU
		{D1BB8799-B791-49B5-8130-AAA573535217}.Debug|Any CPU.ActiveCfg = Debug|Any CPU
		{D1BB8799-B791-49B5-8130-AAA573535217}.Debug|Any CPU.Build.0 = Debug|Any CPU
		{D1BB8799-B791-49B5-8130-AAA573535217}.Release|Any CPU.ActiveCfg = Release|Any CPU
		{D1BB8799-B791-49B5-8130-AAA573535217}.Release|Any CPU.Build.0 = Release|Any CPU
		{0475D86A-DCAC-4D43-A0EF-57E8319C8CA3}.Debug|Any CPU.ActiveCfg = Debug|Any CPU
		{0475D86A-DCAC-4D43-A0EF-57E8319C8CA3}.Debug|Any CPU.Build.0 = Debug|Any CPU
		{0475D86A-DCAC-4D43-A0EF-57E8319C8CA3}.Release|Any CPU.ActiveCfg = Release|Any CPU
		{0475D86A-DCAC-4D43-A0EF-57E8319C8CA3}.Release|Any CPU.Build.0 = Release|Any CPU
		{EAAC2567-E646-4417-883B-2545C8E12DE7}.Debug|Any CPU.ActiveCfg = Debug|Any CPU
		{EAAC2567-E646-4417-883B-2545C8E12DE7}.Debug|Any CPU.Build.0 = Debug|Any CPU
		{EAAC2567-E646-4417-883B-2545C8E12DE7}.Release|Any CPU.ActiveCfg = Release|Any CPU
		{EAAC2567-E646-4417-883B-2545C8E12DE7}.Release|Any CPU.Build.0 = Release|Any CPU
		{6C56272E-16E3-405F-891F-5FF3FB0665E6}.Debug|Any CPU.ActiveCfg = Debug|Any CPU
		{6C56272E-16E3-405F-891F-5FF3FB0665E6}.Debug|Any CPU.Build.0 = Debug|Any CPU
		{6C56272E-16E3-405F-891F-5FF3FB0665E6}.Release|Any CPU.ActiveCfg = Release|Any CPU
		{6C56272E-16E3-405F-891F-5FF3FB0665E6}.Release|Any CPU.Build.0 = Release|Any CPU
		{22C3040D-DFDE-4439-ACFC-BC5178D1C49F}.Debug|Any CPU.ActiveCfg = Debug|Any CPU
		{22C3040D-DFDE-4439-ACFC-BC5178D1C49F}.Debug|Any CPU.Build.0 = Debug|Any CPU
		{22C3040D-DFDE-4439-ACFC-BC5178D1C49F}.Release|Any CPU.ActiveCfg = Release|Any CPU
		{22C3040D-DFDE-4439-ACFC-BC5178D1C49F}.Release|Any CPU.Build.0 = Release|Any CPU
		{AA48D0A3-980C-4DE9-86FB-6A1AD9F23532}.Debug|Any CPU.ActiveCfg = Debug|Any CPU
		{AA48D0A3-980C-4DE9-86FB-6A1AD9F23532}.Debug|Any CPU.Build.0 = Debug|Any CPU
		{AA48D0A3-980C-4DE9-86FB-6A1AD9F23532}.Release|Any CPU.ActiveCfg = Release|Any CPU
		{AA48D0A3-980C-4DE9-86FB-6A1AD9F23532}.Release|Any CPU.Build.0 = Release|Any CPU
		{ED8753B0-58E1-4CB9-9205-D5BE15732E73}.Debug|Any CPU.ActiveCfg = Debug|Any CPU
		{ED8753B0-58E1-4CB9-9205-D5BE15732E73}.Debug|Any CPU.Build.0 = Debug|Any CPU
		{ED8753B0-58E1-4CB9-9205-D5BE15732E73}.Release|Any CPU.ActiveCfg = Release|Any CPU
		{ED8753B0-58E1-4CB9-9205-D5BE15732E73}.Release|Any CPU.Build.0 = Release|Any CPU
		{26C8392D-AE03-45E2-8F5D-830992AFAA22}.Debug|Any CPU.ActiveCfg = Debug|Any CPU
		{26C8392D-AE03-45E2-8F5D-830992AFAA22}.Debug|Any CPU.Build.0 = Debug|Any CPU
		{26C8392D-AE03-45E2-8F5D-830992AFAA22}.Release|Any CPU.ActiveCfg = Release|Any CPU
		{26C8392D-AE03-45E2-8F5D-830992AFAA22}.Release|Any CPU.Build.0 = Release|Any CPU
		{B85E94A2-5D48-4354-9A15-3CCF56DD7A8F}.Debug|Any CPU.ActiveCfg = Debug|Any CPU
		{B85E94A2-5D48-4354-9A15-3CCF56DD7A8F}.Debug|Any CPU.Build.0 = Debug|Any CPU
		{B85E94A2-5D48-4354-9A15-3CCF56DD7A8F}.Release|Any CPU.ActiveCfg = Release|Any CPU
		{B85E94A2-5D48-4354-9A15-3CCF56DD7A8F}.Release|Any CPU.Build.0 = Release|Any CPU
		{E1841875-8864-4559-BA5D-2EF8C3D47FDA}.Debug|Any CPU.ActiveCfg = Debug|Any CPU
		{E1841875-8864-4559-BA5D-2EF8C3D47FDA}.Debug|Any CPU.Build.0 = Debug|Any CPU
		{E1841875-8864-4559-BA5D-2EF8C3D47FDA}.Release|Any CPU.ActiveCfg = Release|Any CPU
		{E1841875-8864-4559-BA5D-2EF8C3D47FDA}.Release|Any CPU.Build.0 = Release|Any CPU
		{A0AD332B-A4D0-41CA-B163-E7ADF3679B73}.Debug|Any CPU.ActiveCfg = Debug|Any CPU
		{A0AD332B-A4D0-41CA-B163-E7ADF3679B73}.Debug|Any CPU.Build.0 = Debug|Any CPU
		{A0AD332B-A4D0-41CA-B163-E7ADF3679B73}.Release|Any CPU.ActiveCfg = Release|Any CPU
		{A0AD332B-A4D0-41CA-B163-E7ADF3679B73}.Release|Any CPU.Build.0 = Release|Any CPU
		{28AC5CBB-D289-4C80-B528-62B5B2E0356F}.Debug|Any CPU.ActiveCfg = Debug|Any CPU
		{28AC5CBB-D289-4C80-B528-62B5B2E0356F}.Debug|Any CPU.Build.0 = Debug|Any CPU
		{28AC5CBB-D289-4C80-B528-62B5B2E0356F}.Release|Any CPU.ActiveCfg = Release|Any CPU
		{28AC5CBB-D289-4C80-B528-62B5B2E0356F}.Release|Any CPU.Build.0 = Release|Any CPU
		{04135D5B-031D-4D85-9432-E99CFA8DB33F}.Debug|Any CPU.ActiveCfg = Debug|Any CPU
		{04135D5B-031D-4D85-9432-E99CFA8DB33F}.Debug|Any CPU.Build.0 = Debug|Any CPU
		{04135D5B-031D-4D85-9432-E99CFA8DB33F}.Release|Any CPU.ActiveCfg = Release|Any CPU
		{04135D5B-031D-4D85-9432-E99CFA8DB33F}.Release|Any CPU.Build.0 = Release|Any CPU
		{5254248E-5DF9-4C84-889E-23F3C2BD47B3}.Debug|Any CPU.ActiveCfg = Debug|Any CPU
		{5254248E-5DF9-4C84-889E-23F3C2BD47B3}.Debug|Any CPU.Build.0 = Debug|Any CPU
		{5254248E-5DF9-4C84-889E-23F3C2BD47B3}.Release|Any CPU.ActiveCfg = Release|Any CPU
		{5254248E-5DF9-4C84-889E-23F3C2BD47B3}.Release|Any CPU.Build.0 = Release|Any CPU
		{1DF39536-8D5D-4D56-B717-DA7677ADB379}.Debug|Any CPU.ActiveCfg = Debug|Any CPU
		{1DF39536-8D5D-4D56-B717-DA7677ADB379}.Debug|Any CPU.Build.0 = Debug|Any CPU
		{1DF39536-8D5D-4D56-B717-DA7677ADB379}.Release|Any CPU.ActiveCfg = Release|Any CPU
		{1DF39536-8D5D-4D56-B717-DA7677ADB379}.Release|Any CPU.Build.0 = Release|Any CPU
		{9E4DFC8F-1C1B-4856-B4E4-701266E24D9F}.Debug|Any CPU.ActiveCfg = Debug|Any CPU
		{9E4DFC8F-1C1B-4856-B4E4-701266E24D9F}.Debug|Any CPU.Build.0 = Debug|Any CPU
		{9E4DFC8F-1C1B-4856-B4E4-701266E24D9F}.Release|Any CPU.ActiveCfg = Release|Any CPU
		{9E4DFC8F-1C1B-4856-B4E4-701266E24D9F}.Release|Any CPU.Build.0 = Release|Any CPU
		{E60BB380-D4B0-40DA-9834-6264B192BB88}.Debug|Any CPU.ActiveCfg = Debug|Any CPU
		{E60BB380-D4B0-40DA-9834-6264B192BB88}.Debug|Any CPU.Build.0 = Debug|Any CPU
		{E60BB380-D4B0-40DA-9834-6264B192BB88}.Release|Any CPU.ActiveCfg = Release|Any CPU
		{E60BB380-D4B0-40DA-9834-6264B192BB88}.Release|Any CPU.Build.0 = Release|Any CPU
		{79E89F11-AA2C-4B22-9976-1A399EDD76BC}.Debug|Any CPU.ActiveCfg = Debug|Any CPU
		{79E89F11-AA2C-4B22-9976-1A399EDD76BC}.Debug|Any CPU.Build.0 = Debug|Any CPU
		{79E89F11-AA2C-4B22-9976-1A399EDD76BC}.Release|Any CPU.ActiveCfg = Release|Any CPU
		{79E89F11-AA2C-4B22-9976-1A399EDD76BC}.Release|Any CPU.Build.0 = Release|Any CPU
		{122BA902-1A5E-422D-9265-C7A85901E097}.Debug|Any CPU.ActiveCfg = Debug|Any CPU
		{122BA902-1A5E-422D-9265-C7A85901E097}.Debug|Any CPU.Build.0 = Debug|Any CPU
		{122BA902-1A5E-422D-9265-C7A85901E097}.Release|Any CPU.ActiveCfg = Release|Any CPU
		{122BA902-1A5E-422D-9265-C7A85901E097}.Release|Any CPU.Build.0 = Release|Any CPU
		{973CF0CC-2934-4B62-A9EA-0FD4D1F2867D}.Debug|Any CPU.ActiveCfg = Debug|Any CPU
		{973CF0CC-2934-4B62-A9EA-0FD4D1F2867D}.Debug|Any CPU.Build.0 = Debug|Any CPU
		{973CF0CC-2934-4B62-A9EA-0FD4D1F2867D}.Release|Any CPU.ActiveCfg = Release|Any CPU
		{973CF0CC-2934-4B62-A9EA-0FD4D1F2867D}.Release|Any CPU.Build.0 = Release|Any CPU
		{08AD0830-DB08-4096-B23B-45D41CBC9A13}.Debug|Any CPU.ActiveCfg = Debug|Any CPU
		{08AD0830-DB08-4096-B23B-45D41CBC9A13}.Debug|Any CPU.Build.0 = Debug|Any CPU
		{08AD0830-DB08-4096-B23B-45D41CBC9A13}.Release|Any CPU.ActiveCfg = Release|Any CPU
		{08AD0830-DB08-4096-B23B-45D41CBC9A13}.Release|Any CPU.Build.0 = Release|Any CPU
		{6A77148E-B838-44FD-B3DD-3F4F3EF4A516}.Debug|Any CPU.ActiveCfg = Debug|Any CPU
		{6A77148E-B838-44FD-B3DD-3F4F3EF4A516}.Debug|Any CPU.Build.0 = Debug|Any CPU
		{6A77148E-B838-44FD-B3DD-3F4F3EF4A516}.Release|Any CPU.ActiveCfg = Release|Any CPU
		{6A77148E-B838-44FD-B3DD-3F4F3EF4A516}.Release|Any CPU.Build.0 = Release|Any CPU
		{05CC813B-E647-43C4-80E1-92F7497A5AD9}.Debug|Any CPU.ActiveCfg = Debug|Any CPU
		{05CC813B-E647-43C4-80E1-92F7497A5AD9}.Debug|Any CPU.Build.0 = Debug|Any CPU
		{05CC813B-E647-43C4-80E1-92F7497A5AD9}.Release|Any CPU.ActiveCfg = Release|Any CPU
		{05CC813B-E647-43C4-80E1-92F7497A5AD9}.Release|Any CPU.Build.0 = Release|Any CPU
		{D3A7F6C1-79A5-464E-A709-279E84476E39}.Debug|Any CPU.ActiveCfg = Debug|Any CPU
		{D3A7F6C1-79A5-464E-A709-279E84476E39}.Debug|Any CPU.Build.0 = Debug|Any CPU
		{D3A7F6C1-79A5-464E-A709-279E84476E39}.Release|Any CPU.ActiveCfg = Release|Any CPU
		{D3A7F6C1-79A5-464E-A709-279E84476E39}.Release|Any CPU.Build.0 = Release|Any CPU
		{023527A0-7D6B-449C-B5C5-DE7DC9138C7D}.Debug|Any CPU.ActiveCfg = Debug|Any CPU
		{023527A0-7D6B-449C-B5C5-DE7DC9138C7D}.Debug|Any CPU.Build.0 = Debug|Any CPU
		{023527A0-7D6B-449C-B5C5-DE7DC9138C7D}.Release|Any CPU.ActiveCfg = Release|Any CPU
		{023527A0-7D6B-449C-B5C5-DE7DC9138C7D}.Release|Any CPU.Build.0 = Release|Any CPU
		{DD1EC426-A668-47DF-B73E-02491829E40C}.Debug|Any CPU.ActiveCfg = Debug|Any CPU
		{DD1EC426-A668-47DF-B73E-02491829E40C}.Debug|Any CPU.Build.0 = Debug|Any CPU
		{DD1EC426-A668-47DF-B73E-02491829E40C}.Release|Any CPU.ActiveCfg = Release|Any CPU
		{DD1EC426-A668-47DF-B73E-02491829E40C}.Release|Any CPU.Build.0 = Release|Any CPU
		{54BFA9E6-5FC0-4877-8AC8-41F0789C31AF}.Debug|Any CPU.ActiveCfg = Debug|Any CPU
		{54BFA9E6-5FC0-4877-8AC8-41F0789C31AF}.Debug|Any CPU.Build.0 = Debug|Any CPU
		{54BFA9E6-5FC0-4877-8AC8-41F0789C31AF}.Release|Any CPU.ActiveCfg = Release|Any CPU
		{54BFA9E6-5FC0-4877-8AC8-41F0789C31AF}.Release|Any CPU.Build.0 = Release|Any CPU
		{9072FE50-FC78-49D3-96FE-6F26D9A8F289}.Debug|Any CPU.ActiveCfg = Debug|Any CPU
		{9072FE50-FC78-49D3-96FE-6F26D9A8F289}.Debug|Any CPU.Build.0 = Debug|Any CPU
		{9072FE50-FC78-49D3-96FE-6F26D9A8F289}.Release|Any CPU.ActiveCfg = Release|Any CPU
		{9072FE50-FC78-49D3-96FE-6F26D9A8F289}.Release|Any CPU.Build.0 = Release|Any CPU
		{49BB27EA-7DFC-4834-99FD-92829A2A6B13}.Debug|Any CPU.ActiveCfg = Debug|Any CPU
		{49BB27EA-7DFC-4834-99FD-92829A2A6B13}.Debug|Any CPU.Build.0 = Debug|Any CPU
		{49BB27EA-7DFC-4834-99FD-92829A2A6B13}.Release|Any CPU.ActiveCfg = Release|Any CPU
		{49BB27EA-7DFC-4834-99FD-92829A2A6B13}.Release|Any CPU.Build.0 = Release|Any CPU
		{1CD4A77D-66F5-4C72-AC1C-9DFD7130838F}.Debug|Any CPU.ActiveCfg = Debug|Any CPU
		{1CD4A77D-66F5-4C72-AC1C-9DFD7130838F}.Debug|Any CPU.Build.0 = Debug|Any CPU
		{1CD4A77D-66F5-4C72-AC1C-9DFD7130838F}.Release|Any CPU.ActiveCfg = Release|Any CPU
		{1CD4A77D-66F5-4C72-AC1C-9DFD7130838F}.Release|Any CPU.Build.0 = Release|Any CPU
		{12040660-3B48-4300-98E2-138E5797DEF1}.Debug|Any CPU.ActiveCfg = Debug|Any CPU
		{12040660-3B48-4300-98E2-138E5797DEF1}.Debug|Any CPU.Build.0 = Debug|Any CPU
		{12040660-3B48-4300-98E2-138E5797DEF1}.Release|Any CPU.ActiveCfg = Release|Any CPU
		{12040660-3B48-4300-98E2-138E5797DEF1}.Release|Any CPU.Build.0 = Release|Any CPU
		{C9AF1947-CF76-40A5-8BDF-E875DAB38E1E}.Debug|Any CPU.ActiveCfg = Debug|Any CPU
		{C9AF1947-CF76-40A5-8BDF-E875DAB38E1E}.Debug|Any CPU.Build.0 = Debug|Any CPU
		{C9AF1947-CF76-40A5-8BDF-E875DAB38E1E}.Release|Any CPU.ActiveCfg = Release|Any CPU
		{C9AF1947-CF76-40A5-8BDF-E875DAB38E1E}.Release|Any CPU.Build.0 = Release|Any CPU
		{DA0478C7-CA88-4EA9-A136-505A29313B46}.Debug|Any CPU.ActiveCfg = Debug|Any CPU
		{DA0478C7-CA88-4EA9-A136-505A29313B46}.Debug|Any CPU.Build.0 = Debug|Any CPU
		{DA0478C7-CA88-4EA9-A136-505A29313B46}.Release|Any CPU.ActiveCfg = Release|Any CPU
		{DA0478C7-CA88-4EA9-A136-505A29313B46}.Release|Any CPU.Build.0 = Release|Any CPU
		{EC4D435E-30A8-4CB1-9435-7D76BC3A461C}.Debug|Any CPU.ActiveCfg = Debug|Any CPU
		{EC4D435E-30A8-4CB1-9435-7D76BC3A461C}.Debug|Any CPU.Build.0 = Debug|Any CPU
		{EC4D435E-30A8-4CB1-9435-7D76BC3A461C}.Release|Any CPU.ActiveCfg = Release|Any CPU
		{EC4D435E-30A8-4CB1-9435-7D76BC3A461C}.Release|Any CPU.Build.0 = Release|Any CPU
		{69027E05-8148-423A-AA92-FCE68B359EDE}.Debug|Any CPU.ActiveCfg = Debug|Any CPU
		{69027E05-8148-423A-AA92-FCE68B359EDE}.Debug|Any CPU.Build.0 = Debug|Any CPU
		{69027E05-8148-423A-AA92-FCE68B359EDE}.Release|Any CPU.ActiveCfg = Release|Any CPU
		{69027E05-8148-423A-AA92-FCE68B359EDE}.Release|Any CPU.Build.0 = Release|Any CPU
		{4C85D2F7-B35E-401F-AFDC-0414547516F7}.Debug|Any CPU.ActiveCfg = Debug|Any CPU
		{4C85D2F7-B35E-401F-AFDC-0414547516F7}.Debug|Any CPU.Build.0 = Debug|Any CPU
		{4C85D2F7-B35E-401F-AFDC-0414547516F7}.Release|Any CPU.ActiveCfg = Release|Any CPU
		{4C85D2F7-B35E-401F-AFDC-0414547516F7}.Release|Any CPU.Build.0 = Release|Any CPU
		{B32B187F-0A8B-44C6-8680-36D813694395}.Debug|Any CPU.ActiveCfg = Debug|Any CPU
		{B32B187F-0A8B-44C6-8680-36D813694395}.Debug|Any CPU.Build.0 = Debug|Any CPU
		{B32B187F-0A8B-44C6-8680-36D813694395}.Release|Any CPU.ActiveCfg = Release|Any CPU
		{B32B187F-0A8B-44C6-8680-36D813694395}.Release|Any CPU.Build.0 = Release|Any CPU
	EndGlobalSection
	GlobalSection(SolutionProperties) = preSolution
		HideSolutionNode = FALSE
	EndGlobalSection
	GlobalSection(NestedProjects) = preSolution
		{0044B305-8ECD-4665-9557-CD15B790315D} = {E2E3A60D-9FBB-46F8-AFD5-0586917688BD}
		{EEBCF399-179D-4CB9-8260-D8B99ED90F91} = {C2A5C865-00FC-42E8-82CA-F1B29B3EB44B}
		{19195DFF-F683-4FFD-BB12-922FA156837A} = {0044B305-8ECD-4665-9557-CD15B790315D}
		{C2A5C865-00FC-42E8-82CA-F1B29B3EB44B} = {19195DFF-F683-4FFD-BB12-922FA156837A}
		{A02FB096-B0A8-4803-956D-94675AD4FEB0} = {19195DFF-F683-4FFD-BB12-922FA156837A}
		{B5BB447E-B635-4CA2-918A-5DDC32F313C7} = {A02FB096-B0A8-4803-956D-94675AD4FEB0}
		{C82C0850-C197-45B9-9E26-B317473C19D0} = {0044B305-8ECD-4665-9557-CD15B790315D}
		{FDF74A11-606B-47AE-BD41-1CCF8A4F0D80} = {420F662D-3E62-4289-B914-B3A9CBC9159C}
		{420F662D-3E62-4289-B914-B3A9CBC9159C} = {C82C0850-C197-45B9-9E26-B317473C19D0}
		{90498C30-9438-42E2-B12E-53DFA9B0C467} = {8B34B74D-445A-4D1E-BF6B-8EB8A2DF3769}
		{8B34B74D-445A-4D1E-BF6B-8EB8A2DF3769} = {C82C0850-C197-45B9-9E26-B317473C19D0}
		{053CFF30-2AA3-48FC-8BCD-505C24A616A1} = {420F662D-3E62-4289-B914-B3A9CBC9159C}
		{6445D883-DDE2-4E06-BD69-9C0F34BC9B3F} = {420F662D-3E62-4289-B914-B3A9CBC9159C}
		{7A5F2DFB-ABE3-43AF-BE9B-15945E65220E} = {420F662D-3E62-4289-B914-B3A9CBC9159C}
		{2E37DF7A-A5B2-49EF-9F18-60B709CF979F} = {8B34B74D-445A-4D1E-BF6B-8EB8A2DF3769}
		{50975C92-62E5-4785-A4B0-CA8384382281} = {8B34B74D-445A-4D1E-BF6B-8EB8A2DF3769}
		{E1F71403-8EE7-4123-A306-CDE3792AD884} = {8B34B74D-445A-4D1E-BF6B-8EB8A2DF3769}
		{B1C4D55F-5B79-498C-8DD8-E062975A1D3A} = {8B34B74D-445A-4D1E-BF6B-8EB8A2DF3769}
		{A54167AB-0B21-48CC-8090-AE8AB43F986A} = {8B34B74D-445A-4D1E-BF6B-8EB8A2DF3769}
		{9F76D2AD-9695-4E88-A43C-9D00AC59DAD4} = {2664629C-4645-4D7C-9BF0-7B0DAD5CBDF7}
		{844A7106-A477-4C5B-AAC4-66315A2B8992} = {E2E3A60D-9FBB-46F8-AFD5-0586917688BD}
		{2664629C-4645-4D7C-9BF0-7B0DAD5CBDF7} = {844A7106-A477-4C5B-AAC4-66315A2B8992}
		{9118629D-7230-4AE6-85A5-637B4A71E211} = {1E0E0006-FFED-4B0F-9DD8-8CFE0A5EE957}
		{F7AC2A85-93CC-4A34-836F-1AFA6B4E1ED8} = {844A7106-A477-4C5B-AAC4-66315A2B8992}
		{1E0E0006-FFED-4B0F-9DD8-8CFE0A5EE957} = {F7AC2A85-93CC-4A34-836F-1AFA6B4E1ED8}
		{EC363B95-9109-4579-A50F-EAA9D934963F} = {1E0E0006-FFED-4B0F-9DD8-8CFE0A5EE957}
		{D1BB8799-B791-49B5-8130-AAA573535217} = {1E0E0006-FFED-4B0F-9DD8-8CFE0A5EE957}
		{CE868F99-1DB4-4A58-A550-CEB84C18EC49} = {844A7106-A477-4C5B-AAC4-66315A2B8992}
		{0475D86A-DCAC-4D43-A0EF-57E8319C8CA3} = {1D2D467E-F6DA-4D01-B735-4A9C484D42AB}
		{1D2D467E-F6DA-4D01-B735-4A9C484D42AB} = {CE868F99-1DB4-4A58-A550-CEB84C18EC49}
		{EAAC2567-E646-4417-883B-2545C8E12DE7} = {1D2D467E-F6DA-4D01-B735-4A9C484D42AB}
		{6C56272E-16E3-405F-891F-5FF3FB0665E6} = {1D2D467E-F6DA-4D01-B735-4A9C484D42AB}
		{22C3040D-DFDE-4439-ACFC-BC5178D1C49F} = {1D2D467E-F6DA-4D01-B735-4A9C484D42AB}
		{AA48D0A3-980C-4DE9-86FB-6A1AD9F23532} = {1D2D467E-F6DA-4D01-B735-4A9C484D42AB}
		{ED8753B0-58E1-4CB9-9205-D5BE15732E73} = {1D2D467E-F6DA-4D01-B735-4A9C484D42AB}
		{26C8392D-AE03-45E2-8F5D-830992AFAA22} = {990BB04D-6773-4C3F-932A-93E51C85C7AB}
		{990BB04D-6773-4C3F-932A-93E51C85C7AB} = {CE868F99-1DB4-4A58-A550-CEB84C18EC49}
		{B85E94A2-5D48-4354-9A15-3CCF56DD7A8F} = {990BB04D-6773-4C3F-932A-93E51C85C7AB}
		{E1841875-8864-4559-BA5D-2EF8C3D47FDA} = {990BB04D-6773-4C3F-932A-93E51C85C7AB}
		{A0AD332B-A4D0-41CA-B163-E7ADF3679B73} = {990BB04D-6773-4C3F-932A-93E51C85C7AB}
		{28AC5CBB-D289-4C80-B528-62B5B2E0356F} = {990BB04D-6773-4C3F-932A-93E51C85C7AB}
		{04135D5B-031D-4D85-9432-E99CFA8DB33F} = {990BB04D-6773-4C3F-932A-93E51C85C7AB}
		{5AB45C1F-FD0F-4FCE-A3E3-8EEDAA426CD7} = {CE868F99-1DB4-4A58-A550-CEB84C18EC49}
		{5254248E-5DF9-4C84-889E-23F3C2BD47B3} = {5AB45C1F-FD0F-4FCE-A3E3-8EEDAA426CD7}
		{1DF39536-8D5D-4D56-B717-DA7677ADB379} = {5AB45C1F-FD0F-4FCE-A3E3-8EEDAA426CD7}
		{9E4DFC8F-1C1B-4856-B4E4-701266E24D9F} = {5AB45C1F-FD0F-4FCE-A3E3-8EEDAA426CD7}
		{E60BB380-D4B0-40DA-9834-6264B192BB88} = {5AB45C1F-FD0F-4FCE-A3E3-8EEDAA426CD7}
		{79E89F11-AA2C-4B22-9976-1A399EDD76BC} = {5AB45C1F-FD0F-4FCE-A3E3-8EEDAA426CD7}
		{122BA902-1A5E-422D-9265-C7A85901E097} = {5AB45C1F-FD0F-4FCE-A3E3-8EEDAA426CD7}
		{973CF0CC-2934-4B62-A9EA-0FD4D1F2867D} = {13D82A39-60EB-40DD-BBB3-D692EBEDC5EE}
		{13D82A39-60EB-40DD-BBB3-D692EBEDC5EE} = {CE868F99-1DB4-4A58-A550-CEB84C18EC49}
		{08AD0830-DB08-4096-B23B-45D41CBC9A13} = {13D82A39-60EB-40DD-BBB3-D692EBEDC5EE}
		{6A77148E-B838-44FD-B3DD-3F4F3EF4A516} = {13D82A39-60EB-40DD-BBB3-D692EBEDC5EE}
		{05CC813B-E647-43C4-80E1-92F7497A5AD9} = {13D82A39-60EB-40DD-BBB3-D692EBEDC5EE}
		{D3A7F6C1-79A5-464E-A709-279E84476E39} = {13D82A39-60EB-40DD-BBB3-D692EBEDC5EE}
		{023527A0-7D6B-449C-B5C5-DE7DC9138C7D} = {13D82A39-60EB-40DD-BBB3-D692EBEDC5EE}
		{DD1EC426-A668-47DF-B73E-02491829E40C} = {72FDC9E1-3AAB-46D2-B571-17A6035462F2}
		{560573AE-6D4B-41CF-9766-0DF4A3121979} = {E2E3A60D-9FBB-46F8-AFD5-0586917688BD}
		{B6E0F41D-E6B0-4421-B0FE-F1C33C81AC0F} = {560573AE-6D4B-41CF-9766-0DF4A3121979}
		{54BFA9E6-5FC0-4877-8AC8-41F0789C31AF} = {2F9A1458-E03F-4229-9129-B2241254E3B3}
		{2F9A1458-E03F-4229-9129-B2241254E3B3} = {B6E0F41D-E6B0-4421-B0FE-F1C33C81AC0F}
		{CA5D1022-15A3-4388-855A-9B5918B9549B} = {560573AE-6D4B-41CF-9766-0DF4A3121979}
		{9072FE50-FC78-49D3-96FE-6F26D9A8F289} = {0312931E-C7DA-4C4C-AD8A-FA5519530492}
		{0312931E-C7DA-4C4C-AD8A-FA5519530492} = {CA5D1022-15A3-4388-855A-9B5918B9549B}
		{49BB27EA-7DFC-4834-99FD-92829A2A6B13} = {0312931E-C7DA-4C4C-AD8A-FA5519530492}
		{1CD4A77D-66F5-4C72-AC1C-9DFD7130838F} = {0312931E-C7DA-4C4C-AD8A-FA5519530492}
		{12040660-3B48-4300-98E2-138E5797DEF1} = {0312931E-C7DA-4C4C-AD8A-FA5519530492}
		{C9AF1947-CF76-40A5-8BDF-E875DAB38E1E} = {1B0451E3-8AE0-4265-8C26-018C391C0C01}
		{1B0451E3-8AE0-4265-8C26-018C391C0C01} = {CA5D1022-15A3-4388-855A-9B5918B9549B}
		{DA0478C7-CA88-4EA9-A136-505A29313B46} = {1B0451E3-8AE0-4265-8C26-018C391C0C01}
		{EC4D435E-30A8-4CB1-9435-7D76BC3A461C} = {1B0451E3-8AE0-4265-8C26-018C391C0C01}
		{69027E05-8148-423A-AA92-FCE68B359EDE} = {1B0451E3-8AE0-4265-8C26-018C391C0C01}
		{4C85D2F7-B35E-401F-AFDC-0414547516F7} = {1B0451E3-8AE0-4265-8C26-018C391C0C01}
		{72FDC9E1-3AAB-46D2-B571-17A6035462F2} = {B6E0F41D-E6B0-4421-B0FE-F1C33C81AC0F}
		{B32B187F-0A8B-44C6-8680-36D813694395} = {5AB45C1F-FD0F-4FCE-A3E3-8EEDAA426CD7}
	EndGlobalSection
	GlobalSection(ExtensibilityGlobals) = postSolution
		SolutionGuid = {2380246B-19BF-4707-9D5B-161687277C4A}
	EndGlobalSection
EndGlobal
