
Microsoft Visual Studio Solution File, Format Version 12.00
# Visual Studio Version 17
VisualStudioVersion = 17.3.32922.545
MinimumVisualStudioVersion = 10.0.40219.1
Project("{2150E333-8FDC-42A3-9474-1A3956D46DE8}") = "TicTacToe", "TicTacToe", "{B1AA156F-7465-40B3-9111-2F245FB62261}"
EndProject
Project("{2150E333-8FDC-42A3-9474-1A3956D46DE8}") = "DomainModel", "DomainModel", "{AEEAC4CE-706E-4725-8017-0A4ED08396B5}"
EndProject
Project("{2150E333-8FDC-42A3-9474-1A3956D46DE8}") = "DocumentView", "DocumentView", "{D4804759-9D43-4249-AF82-F8D88BBA8446}"
EndProject
Project("{2150E333-8FDC-42A3-9474-1A3956D46DE8}") = "src", "src", "{47E3D204-61D4-4B29-BA50-D2D336288137}"
EndProject
Project("{2150E333-8FDC-42A3-9474-1A3956D46DE8}") = "ModelViewPresenter", "ModelViewPresenter", "{4F9245BA-658B-4AB7-BA82-7D873FEBDE9D}"
EndProject
Project("{2150E333-8FDC-42A3-9474-1A3956D46DE8}") = "NewFolder1", "NewFolder1", "{9CC8F101-8223-4432-8847-5D2B9997AD92}"
EndProject
Project("{2150E333-8FDC-42A3-9474-1A3956D46DE8}") = "Basic", "Basic", "{C9070F6E-8E48-4073-B293-83F7666D45A0}"
EndProject
Project("{2150E333-8FDC-42A3-9474-1A3956D46DE8}") = "Mastermind", "Mastermind", "{8E8C4D24-4C86-4733-9228-EE0C50ACCE94}"
EndProject
Project("{2150E333-8FDC-42A3-9474-1A3956D46DE8}") = "DomainModel", "DomainModel", "{AD499C81-D8A5-4CC7-BB17-C4B2BB157F13}"
EndProject
Project("{2150E333-8FDC-42A3-9474-1A3956D46DE8}") = "DocumentView", "DocumentView", "{90A0BFCA-A1A2-4F9D-9F61-6DF5E7B8A30C}"
EndProject
Project("{2150E333-8FDC-42A3-9474-1A3956D46DE8}") = "ModelViewPresenter", "ModelViewPresenter", "{36DA83E5-5997-48A8-AAC8-B6995E12D1CA}"
EndProject
Project("{9A19103F-16F7-4668-BE54-9A1E7A4F7556}") = "Mastermind", "src\Mastermind\DomainModel\Basic\Mastermind\Mastermind.csproj", "{A0CB95C0-0268-4592-AA64-DB26C1C35828}"
EndProject
Project("{2150E333-8FDC-42A3-9474-1A3956D46DE8}") = "WithFactoryMethod", "WithFactoryMethod", "{605815E7-AFC0-4352-81C1-DF700442E4A3}"
EndProject
Project("{9A19103F-16F7-4668-BE54-9A1E7A4F7556}") = "TicTacToe", "src\TicTacToe\DocumentView\WithFactoryMethod\TicTacToe\TicTacToe.csproj", "{4FF522DB-388F-472E-9515-57DC23634FB1}"
EndProject
Project("{9A19103F-16F7-4668-BE54-9A1E7A4F7556}") = "TicTacToe.Models", "src\TicTacToe\DocumentView\WithFactoryMethod\TicTacToe.Models\TicTacToe.Models.csproj", "{D4116655-5296-4179-B694-2F0E9E320344}"
EndProject
Project("{9A19103F-16F7-4668-BE54-9A1E7A4F7556}") = "TicTacToe.Types", "src\TicTacToe\DocumentView\WithFactoryMethod\TicTacToe.Types\TicTacToe.Types.csproj", "{C76B6717-221B-40F5-825E-7250436459FE}"
EndProject
Project("{9A19103F-16F7-4668-BE54-9A1E7A4F7556}") = "TicTacToe.Utils", "src\TicTacToe\DocumentView\WithFactoryMethod\TicTacToe.Utils\TicTacToe.Utils.csproj", "{5128A4E4-BAF7-4782-9433-E685A267F3F7}"
EndProject
Project("{9A19103F-16F7-4668-BE54-9A1E7A4F7556}") = "TicTacToe.Views", "src\TicTacToe\DocumentView\WithFactoryMethod\TicTacToe.Views\TicTacToe.Views.csproj", "{906A3111-1B3E-4CB4-8739-11256B1BF038}"
EndProject
Project("{9A19103F-16F7-4668-BE54-9A1E7A4F7556}") = "TicTacToe.ConsoleApp", "src\TicTacToe\DocumentView\WithFactoryMethod\TicTacToe.ConsoleApp\TicTacToe.ConsoleApp.csproj", "{C9B88CBC-DA69-4F85-87BC-9AEFB34774B0}"
EndProject
Project("{FAE04EC0-301F-11D3-BF4B-00C04F79EFBC}") = "TicTacToe", "src\TicTacToe\DomainModel\Basic\TicTacToe\TicTacToe.csproj", "{453B7925-7221-4218-8339-20274E5E8C8E}"
EndProject
Project("{FAE04EC0-301F-11D3-BF4B-00C04F79EFBC}") = "TicTacToe.Utils", "src\TicTacToe\DomainModel\Basic\TicTacToe.Utils\TicTacToe.Utils.csproj", "{373315E0-AE2B-4EC4-B73D-48E7A34DA7EC}"
EndProject
Global
	GlobalSection(SolutionConfigurationPlatforms) = preSolution
		Debug|Any CPU = Debug|Any CPU
		Release|Any CPU = Release|Any CPU
	EndGlobalSection
	GlobalSection(ProjectConfigurationPlatforms) = postSolution
		{A0CB95C0-0268-4592-AA64-DB26C1C35828}.Debug|Any CPU.ActiveCfg = Debug|Any CPU
		{A0CB95C0-0268-4592-AA64-DB26C1C35828}.Debug|Any CPU.Build.0 = Debug|Any CPU
		{A0CB95C0-0268-4592-AA64-DB26C1C35828}.Release|Any CPU.ActiveCfg = Release|Any CPU
		{A0CB95C0-0268-4592-AA64-DB26C1C35828}.Release|Any CPU.Build.0 = Release|Any CPU
		{4FF522DB-388F-472E-9515-57DC23634FB1}.Debug|Any CPU.ActiveCfg = Debug|Any CPU
		{4FF522DB-388F-472E-9515-57DC23634FB1}.Debug|Any CPU.Build.0 = Debug|Any CPU
		{4FF522DB-388F-472E-9515-57DC23634FB1}.Release|Any CPU.ActiveCfg = Release|Any CPU
		{4FF522DB-388F-472E-9515-57DC23634FB1}.Release|Any CPU.Build.0 = Release|Any CPU
		{D4116655-5296-4179-B694-2F0E9E320344}.Debug|Any CPU.ActiveCfg = Debug|Any CPU
		{D4116655-5296-4179-B694-2F0E9E320344}.Debug|Any CPU.Build.0 = Debug|Any CPU
		{D4116655-5296-4179-B694-2F0E9E320344}.Release|Any CPU.ActiveCfg = Release|Any CPU
		{D4116655-5296-4179-B694-2F0E9E320344}.Release|Any CPU.Build.0 = Release|Any CPU
		{C76B6717-221B-40F5-825E-7250436459FE}.Debug|Any CPU.ActiveCfg = Debug|Any CPU
		{C76B6717-221B-40F5-825E-7250436459FE}.Debug|Any CPU.Build.0 = Debug|Any CPU
		{C76B6717-221B-40F5-825E-7250436459FE}.Release|Any CPU.ActiveCfg = Release|Any CPU
		{C76B6717-221B-40F5-825E-7250436459FE}.Release|Any CPU.Build.0 = Release|Any CPU
		{5128A4E4-BAF7-4782-9433-E685A267F3F7}.Debug|Any CPU.ActiveCfg = Debug|Any CPU
		{5128A4E4-BAF7-4782-9433-E685A267F3F7}.Debug|Any CPU.Build.0 = Debug|Any CPU
		{5128A4E4-BAF7-4782-9433-E685A267F3F7}.Release|Any CPU.ActiveCfg = Release|Any CPU
		{5128A4E4-BAF7-4782-9433-E685A267F3F7}.Release|Any CPU.Build.0 = Release|Any CPU
		{906A3111-1B3E-4CB4-8739-11256B1BF038}.Debug|Any CPU.ActiveCfg = Debug|Any CPU
		{906A3111-1B3E-4CB4-8739-11256B1BF038}.Debug|Any CPU.Build.0 = Debug|Any CPU
		{906A3111-1B3E-4CB4-8739-11256B1BF038}.Release|Any CPU.ActiveCfg = Release|Any CPU
		{906A3111-1B3E-4CB4-8739-11256B1BF038}.Release|Any CPU.Build.0 = Release|Any CPU
		{C9B88CBC-DA69-4F85-87BC-9AEFB34774B0}.Debug|Any CPU.ActiveCfg = Debug|Any CPU
		{C9B88CBC-DA69-4F85-87BC-9AEFB34774B0}.Debug|Any CPU.Build.0 = Debug|Any CPU
		{C9B88CBC-DA69-4F85-87BC-9AEFB34774B0}.Release|Any CPU.ActiveCfg = Release|Any CPU
		{C9B88CBC-DA69-4F85-87BC-9AEFB34774B0}.Release|Any CPU.Build.0 = Release|Any CPU
		{453B7925-7221-4218-8339-20274E5E8C8E}.Debug|Any CPU.ActiveCfg = Debug|Any CPU
		{453B7925-7221-4218-8339-20274E5E8C8E}.Debug|Any CPU.Build.0 = Debug|Any CPU
		{453B7925-7221-4218-8339-20274E5E8C8E}.Release|Any CPU.ActiveCfg = Release|Any CPU
		{453B7925-7221-4218-8339-20274E5E8C8E}.Release|Any CPU.Build.0 = Release|Any CPU
		{373315E0-AE2B-4EC4-B73D-48E7A34DA7EC}.Debug|Any CPU.ActiveCfg = Debug|Any CPU
		{373315E0-AE2B-4EC4-B73D-48E7A34DA7EC}.Debug|Any CPU.Build.0 = Debug|Any CPU
		{373315E0-AE2B-4EC4-B73D-48E7A34DA7EC}.Release|Any CPU.ActiveCfg = Release|Any CPU
		{373315E0-AE2B-4EC4-B73D-48E7A34DA7EC}.Release|Any CPU.Build.0 = Release|Any CPU
	EndGlobalSection
	GlobalSection(SolutionProperties) = preSolution
		HideSolutionNode = FALSE
	EndGlobalSection
	GlobalSection(NestedProjects) = preSolution
		{B1AA156F-7465-40B3-9111-2F245FB62261} = {47E3D204-61D4-4B29-BA50-D2D336288137}
		{AEEAC4CE-706E-4725-8017-0A4ED08396B5} = {B1AA156F-7465-40B3-9111-2F245FB62261}
		{D4804759-9D43-4249-AF82-F8D88BBA8446} = {B1AA156F-7465-40B3-9111-2F245FB62261}
		{4F9245BA-658B-4AB7-BA82-7D873FEBDE9D} = {B1AA156F-7465-40B3-9111-2F245FB62261}
		{9CC8F101-8223-4432-8847-5D2B9997AD92} = {B1AA156F-7465-40B3-9111-2F245FB62261}
		{C9070F6E-8E48-4073-B293-83F7666D45A0} = {D4804759-9D43-4249-AF82-F8D88BBA8446}
		{8E8C4D24-4C86-4733-9228-EE0C50ACCE94} = {47E3D204-61D4-4B29-BA50-D2D336288137}
		{AD499C81-D8A5-4CC7-BB17-C4B2BB157F13} = {8E8C4D24-4C86-4733-9228-EE0C50ACCE94}
		{90A0BFCA-A1A2-4F9D-9F61-6DF5E7B8A30C} = {8E8C4D24-4C86-4733-9228-EE0C50ACCE94}
		{36DA83E5-5997-48A8-AAC8-B6995E12D1CA} = {8E8C4D24-4C86-4733-9228-EE0C50ACCE94}
		{A0CB95C0-0268-4592-AA64-DB26C1C35828} = {AD499C81-D8A5-4CC7-BB17-C4B2BB157F13}
		{605815E7-AFC0-4352-81C1-DF700442E4A3} = {D4804759-9D43-4249-AF82-F8D88BBA8446}
		{4FF522DB-388F-472E-9515-57DC23634FB1} = {605815E7-AFC0-4352-81C1-DF700442E4A3}
		{D4116655-5296-4179-B694-2F0E9E320344} = {605815E7-AFC0-4352-81C1-DF700442E4A3}
		{C76B6717-221B-40F5-825E-7250436459FE} = {605815E7-AFC0-4352-81C1-DF700442E4A3}
		{5128A4E4-BAF7-4782-9433-E685A267F3F7} = {605815E7-AFC0-4352-81C1-DF700442E4A3}
		{906A3111-1B3E-4CB4-8739-11256B1BF038} = {605815E7-AFC0-4352-81C1-DF700442E4A3}
		{C9B88CBC-DA69-4F85-87BC-9AEFB34774B0} = {605815E7-AFC0-4352-81C1-DF700442E4A3}
		{453B7925-7221-4218-8339-20274E5E8C8E} = {C9070F6E-8E48-4073-B293-83F7666D45A0}
		{373315E0-AE2B-4EC4-B73D-48E7A34DA7EC} = {C9070F6E-8E48-4073-B293-83F7666D45A0}
	EndGlobalSection
	GlobalSection(ExtensibilityGlobals) = postSolution
		SolutionGuid = {2AE9947C-D1D2-4C33-B59E-B63A1C009BCE}
	EndGlobalSection
EndGlobal
