
Microsoft Visual Studio Solution File, Format Version 12.00
# Visual Studio Version 17
VisualStudioVersion = 17.3.32922.545
MinimumVisualStudioVersion = 10.0.40219.1
Project("{2150E333-8FDC-42A3-9474-1A3956D46DE8}") = "TicTacToe", "TicTacToe", "{B1AA156F-7465-40B3-9111-2F245FB62261}"
EndProject
Project("{2150E333-8FDC-42A3-9474-1A3956D46DE8}") = "DomainModel", "DomainModel", "{AEEAC4CE-706E-4725-8017-0A4ED08396B5}"
EndProject
Project("{2150E333-8FDC-42A3-9474-1A3956D46DE8}") = "DocumentView", "DocumentView", "{D4804759-9D43-4249-AF82-F8D88BBA8446}"
EndProject
Project("{2150E333-8FDC-42A3-9474-1A3956D46DE8}") = "src", "src", "{47E3D204-61D4-4B29-BA50-D2D336288137}"
EndProject
Project("{2150E333-8FDC-42A3-9474-1A3956D46DE8}") = "ModelViewPresenter", "ModelViewPresenter", "{4F9245BA-658B-4AB7-BA82-7D873FEBDE9D}"
EndProject
Project("{2150E333-8FDC-42A3-9474-1A3956D46DE8}") = "NewFolder1", "NewFolder1", "{9CC8F101-8223-4432-8847-5D2B9997AD92}"
EndProject
Project("{2150E333-8FDC-42A3-9474-1A3956D46DE8}") = "Basic", "Basic", "{C9070F6E-8E48-4073-B293-83F7666D45A0}"
EndProject
Project("{2150E333-8FDC-42A3-9474-1A3956D46DE8}") = "Mastermind", "Mastermind", "{8E8C4D24-4C86-4733-9228-EE0C50ACCE94}"
EndProject
Project("{2150E333-8FDC-42A3-9474-1A3956D46DE8}") = "DomainModel", "DomainModel", "{AD499C81-D8A5-4CC7-BB17-C4B2BB157F13}"
EndProject
Project("{2150E333-8FDC-42A3-9474-1A3956D46DE8}") = "DocumentView", "DocumentView", "{90A0BFCA-A1A2-4F9D-9F61-6DF5E7B8A30C}"
EndProject
Project("{2150E333-8FDC-42A3-9474-1A3956D46DE8}") = "ModelViewPresenter", "ModelViewPresenter", "{36DA83E5-5997-48A8-AAC8-B6995E12D1CA}"
EndProject
Project("{2150E333-8FDC-42A3-9474-1A3956D46DE8}") = "WithFactoryMethod", "WithFactoryMethod", "{605815E7-AFC0-4352-81C1-DF700442E4A3}"
EndProject
Project("{9A19103F-16F7-4668-BE54-9A1E7A4F7556}") = "TicTacToe", "src\TicTacToe\DocumentView\WithFactoryMethod\TicTacToe\TicTacToe.csproj", "{4FF522DB-388F-472E-9515-57DC23634FB1}"
EndProject
Project("{9A19103F-16F7-4668-BE54-9A1E7A4F7556}") = "TicTacToe.Models", "src\TicTacToe\DocumentView\WithFactoryMethod\TicTacToe.Models\TicTacToe.Models.csproj", "{D4116655-5296-4179-B694-2F0E9E320344}"
EndProject
Project("{9A19103F-16F7-4668-BE54-9A1E7A4F7556}") = "TicTacToe.Types", "src\TicTacToe\DocumentView\WithFactoryMethod\TicTacToe.Types\TicTacToe.Types.csproj", "{C76B6717-221B-40F5-825E-7250436459FE}"
EndProject
Project("{9A19103F-16F7-4668-BE54-9A1E7A4F7556}") = "TicTacToe.Utils", "src\TicTacToe\DocumentView\WithFactoryMethod\TicTacToe.Utils\TicTacToe.Utils.csproj", "{5128A4E4-BAF7-4782-9433-E685A267F3F7}"
EndProject
Project("{9A19103F-16F7-4668-BE54-9A1E7A4F7556}") = "TicTacToe.Views", "src\TicTacToe\DocumentView\WithFactoryMethod\TicTacToe.Views\TicTacToe.Views.csproj", "{906A3111-1B3E-4CB4-8739-11256B1BF038}"
EndProject
Project("{9A19103F-16F7-4668-BE54-9A1E7A4F7556}") = "TicTacToe.ConsoleApp", "src\TicTacToe\DocumentView\WithFactoryMethod\TicTacToe.ConsoleApp\TicTacToe.ConsoleApp.csproj", "{C9B88CBC-DA69-4F85-87BC-9AEFB34774B0}"
EndProject
Project("{9A19103F-16F7-4668-BE54-9A1E7A4F7556}") = "TicTacToe", "src\TicTacToe\DomainModel\Basic\TicTacToe\TicTacToe.csproj", "{453B7925-7221-4218-8339-20274E5E8C8E}"
EndProject
Project("{2150E333-8FDC-42A3-9474-1A3956D46DE8}") = "Machine", "Machine", "{AE960945-318E-4338-B452-58032F90C6FE}"
EndProject
Project("{9A19103F-16F7-4668-BE54-9A1E7A4F7556}") = "TicTacToe", "src\TicTacToe\DomainModel\Machine\TicTacToe\TicTacToe.csproj", "{C427A2C6-788E-4CF6-8289-9CE037FDD7CD}"
EndProject
Project("{9A19103F-16F7-4668-BE54-9A1E7A4F7556}") = "TicTacToe", "src\TicTacToe\DocumentView\Basic\TicTacToe\TicTacToe.csproj", "{D4AA1035-7E42-46E4-A8C0-33282F45E077}"
EndProject
Project("{2150E333-8FDC-42A3-9474-1A3956D46DE8}") = "Basic", "Basic", "{989A4059-C54D-4AF4-B7C6-6482290836B8}"
EndProject
Project("{9A19103F-16F7-4668-BE54-9A1E7A4F7556}") = "TicTacToe.ConsoleApp", "src\TicTacToe\DocumentView\Basic\TicTacToe.ConsoleApp\TicTacToe.ConsoleApp.csproj", "{75AA0199-BAC0-4D41-A738-FE69471DE6C8}"
EndProject
Project("{9A19103F-16F7-4668-BE54-9A1E7A4F7556}") = "TicTacToe.Models", "src\TicTacToe\DocumentView\Basic\TicTacToe.Models\TicTacToe.Models.csproj", "{4FC2F93A-172A-4D74-894D-E6ADD5C1D371}"
EndProject
Project("{9A19103F-16F7-4668-BE54-9A1E7A4F7556}") = "TicTacToe.Views", "src\TicTacToe\DocumentView\Basic\TicTacToe.Views\TicTacToe.Views.csproj", "{633118EA-A89C-46A5-A865-1BA98578A6E4}"
EndProject
Project("{9A19103F-16F7-4668-BE54-9A1E7A4F7556}") = "MastermindConsoleApp", "src\Mastermind\DomainModel\Mastermind\MastermindConsoleApp\MastermindConsoleApp.csproj", "{35B3B52F-81E4-4B05-ACCD-4405524108F2}"
EndProject
Project("{9A19103F-16F7-4668-BE54-9A1E7A4F7556}") = "Mastermind.Models", "src\Mastermind\DocumentView\Basic\Mastermind\Mastermind.Models\Mastermind.Models.csproj", "{11E91F46-8CBD-41C9-9B99-540C42C6F655}"
EndProject
Project("{9A19103F-16F7-4668-BE54-9A1E7A4F7556}") = "Mastermind.Types", "src\Mastermind\DocumentView\Basic\Mastermind.Types\Mastermind.Types.csproj", "{57DEF221-77F3-4FB2-AAA8-0BAC436BF444}"
EndProject
Project("{9A19103F-16F7-4668-BE54-9A1E7A4F7556}") = "Mastermind.ConsoleApp", "src\Mastermind\DocumentView\Basic\Mastermind.ConsoleApp\Mastermind.ConsoleApp.csproj", "{8AA9C9CD-489A-4839-9FCD-018CE95A8F14}"
EndProject
Project("{2150E333-8FDC-42A3-9474-1A3956D46DE8}") = "Basic", "Basic", "{094895E3-244E-4169-9DA3-B576496FC9A4}"
EndProject
Project("{2150E333-8FDC-42A3-9474-1A3956D46DE8}") = "WithOutFactoryMethod", "WithOutFactoryMethod", "{8D466C2E-CD0B-4BC2-99AF-8D1A2D89D18E}"
EndProject
Project("{9A19103F-16F7-4668-BE54-9A1E7A4F7556}") = "Mastermind.Models", "src\Mastermind\DocumentView\WitOutFactoryMethod\Mastermind.Models\Mastermind.Models.csproj", "{2365308E-292B-4E14-9500-C6654345BA2F}"
EndProject
Project("{9A19103F-16F7-4668-BE54-9A1E7A4F7556}") = "Mastermind.Types", "src\Mastermind\DocumentView\WitOutFactoryMethod\Mastermind.Types\Mastermind.Types.csproj", "{C6EB0003-2D18-4682-BE1F-CBCA077F6703}"
EndProject
Project("{9A19103F-16F7-4668-BE54-9A1E7A4F7556}") = "Mastermind.GameViews", "src\Mastermind\DocumentView\WitOutFactoryMethod\Mastermind.GameViews\Mastermind.GameViews.csproj", "{2B30E395-DE15-45BB-A396-519637DB1236}"
EndProject
Project("{9A19103F-16F7-4668-BE54-9A1E7A4F7556}") = "Mastermind.WinFormApp", "src\Mastermind\DocumentView\WitOutFactoryMethod\Mastermind.WinFormApp\Mastermind.WinFormApp.csproj", "{909C660C-6C5C-4DFB-95C8-E9DB2548D2E4}"
EndProject
Project("{9A19103F-16F7-4668-BE54-9A1E7A4F7556}") = "Mastermind.ConsoleApp", "src\Mastermind\DocumentView\WitOutFactoryMethod\Mastermind.ConsoleApp\Mastermind.ConsoleApp.csproj", "{49611F8C-B19D-4DF1-BE48-CD95F84E47FA}"
EndProject
Project("{2150E333-8FDC-42A3-9474-1A3956D46DE8}") = "WithFactoryMethod", "WithFactoryMethod", "{185D6DB3-5BF9-40E4-83E3-74AFCF9FFE7B}"
EndProject
Project("{9A19103F-16F7-4668-BE54-9A1E7A4F7556}") = "Mastermind", "src\Mastermind\DocumentView\WithFactoryMethod\Mastermind\Mastermind.csproj", "{8CF38B0F-A0C0-4BC7-80C0-903FF32F8197}"
EndProject
Project("{9A19103F-16F7-4668-BE54-9A1E7A4F7556}") = "Mastermind.GameViews", "src\Mastermind\DocumentView\WithFactoryMethod\Mastermind.GameViews\Mastermind.GameViews.csproj", "{B2CB1107-7F46-4F63-BB4F-CAFF6F3532B0}"
EndProject
Project("{9A19103F-16F7-4668-BE54-9A1E7A4F7556}") = "Mastermind.Models", "src\Mastermind\DocumentView\WithFactoryMethod\Mastermind.Models\Mastermind.Models.csproj", "{4BDDD5C1-CD8D-405A-BC53-D10A47BB064B}"
EndProject
Project("{9A19103F-16F7-4668-BE54-9A1E7A4F7556}") = "Mastermind.Types", "src\Mastermind\DocumentView\WithFactoryMethod\Mastermind.Types\Mastermind.Types.csproj", "{73C09D1A-09DD-4C70-B6EA-B1C145408D95}"
EndProject
Project("{9A19103F-16F7-4668-BE54-9A1E7A4F7556}") = "Mastermind.ConsoleApp", "src\Mastermind\DocumentView\WithFactoryMethod\Mastermind.ConsoleApp\Mastermind.ConsoleApp.csproj", "{8BC2F85E-95B0-4CEB-9E70-7C12CB7F6A8B}"
EndProject
Project("{2150E333-8FDC-42A3-9474-1A3956D46DE8}") = "PresentationModel", "PresentationModel", "{9896ED1B-E4B6-4557-8E58-954B192357C0}"
EndProject
Project("{9A19103F-16F7-4668-BE54-9A1E7A4F7556}") = "Mastermind", "src\Mastermind\ModelViewPresenter\PresentationModel\Basic\Mastermind\Mastermind.csproj", "{BBB9CADA-F27C-457B-9424-743332D69885}"
EndProject
Project("{9A19103F-16F7-4668-BE54-9A1E7A4F7556}") = "Mastermind.Models", "src\Mastermind\ModelViewPresenter\PresentationModel\Basic\Mastermind.Models\Mastermind.Models.csproj", "{8037FFEB-A6CC-4C58-ABD4-010C43570A92}"
EndProject
Project("{9A19103F-16F7-4668-BE54-9A1E7A4F7556}") = "Mastermind.Types", "src\Mastermind\ModelViewPresenter\PresentationModel\Basic\Mastermind.Types\Mastermind.Types.csproj", "{C1ECD019-682E-4525-8396-8B5411F44D5B}"
EndProject
Project("{9A19103F-16F7-4668-BE54-9A1E7A4F7556}") = "Mastermind.GameViews", "src\Mastermind\ModelViewPresenter\PresentationModel\Basic\Mastermind.GameViews\Mastermind.GameViews.csproj", "{1197541C-A589-45E3-854D-BFD942AEB6FD}"
EndProject
Project("{9A19103F-16F7-4668-BE54-9A1E7A4F7556}") = "Mastermind.ConsoleApp", "src\Mastermind\ModelViewPresenter\PresentationModel\Basic\Mastermind.ConsoleApp\Mastermind.ConsoleApp.csproj", "{195CB9A1-2BD4-4980-B14C-0E6E128C0689}"
EndProject
Project("{9A19103F-16F7-4668-BE54-9A1E7A4F7556}") = "Mastermind.Controllers", "src\Mastermind\ModelViewPresenter\PresentationModel\Basic\Mastermind.Controllers\Mastermind.Controllers.csproj", "{2A08C87F-1AC5-4429-A421-008B899ABD97}"
EndProject
Project("{2150E333-8FDC-42A3-9474-1A3956D46DE8}") = "Basic", "Basic", "{3B9EFD66-EB62-4EE6-9893-EA13026B1928}"
EndProject
Project("{2150E333-8FDC-42A3-9474-1A3956D46DE8}") = "WithFacade", "WithFacade", "{8EE399F9-4765-4605-8CCD-BED204FF8513}"
EndProject
Project("{9A19103F-16F7-4668-BE54-9A1E7A4F7556}") = "Mastermind", "src\Mastermind\ModelViewPresenter\PresentationModel\Facade\Mastermind\Mastermind.csproj", "{DC94F8F6-35F6-4871-BAD8-D0BD19A6EF57}"
EndProject
Project("{9A19103F-16F7-4668-BE54-9A1E7A4F7556}") = "Mastermind.Controllers", "src\Mastermind\ModelViewPresenter\PresentationModel\Facade\Mastermind.Controllers\Mastermind.Controllers.csproj", "{6B2CCA9F-2391-478E-BD23-51CA67370E88}"
EndProject
Project("{9A19103F-16F7-4668-BE54-9A1E7A4F7556}") = "Mastermind.ConsoleApp", "src\Mastermind\ModelViewPresenter\PresentationModel\Facade\Mastermind.ConsoleApp\Mastermind.ConsoleApp.csproj", "{EEBE6429-4049-444B-BD88-77D032641841}"
EndProject
Project("{9A19103F-16F7-4668-BE54-9A1E7A4F7556}") = "Mastermind.GameViews", "src\Mastermind\ModelViewPresenter\PresentationModel\Facade\Mastermind.GameViews\Mastermind.GameViews.csproj", "{E2695FCE-5C9E-420A-BF06-43D0EDF8FD48}"
EndProject
Project("{9A19103F-16F7-4668-BE54-9A1E7A4F7556}") = "Mastermind.Models", "src\Mastermind\ModelViewPresenter\PresentationModel\Facade\Mastermind.Models\Mastermind.Models.csproj", "{9B51B90D-AC7E-456B-A490-281C356FFE2C}"
EndProject
Project("{9A19103F-16F7-4668-BE54-9A1E7A4F7556}") = "Mastermind.Types", "src\Mastermind\ModelViewPresenter\PresentationModel\Facade\Mastermind.Types\Mastermind.Types.csproj", "{36D7E373-41E6-4135-9E05-25E520C3B775}"
EndProject
Project("{2150E333-8FDC-42A3-9474-1A3956D46DE8}") = "WithOutDoubleDispatching", "WithOutDoubleDispatching", "{1D13A11D-FDC2-4428-8316-7578F823C0B5}"
EndProject
Project("{9A19103F-16F7-4668-BE54-9A1E7A4F7556}") = "Mastermind", "src\Mastermind\ModelViewPresenter\PresentationModel\WithOutDoubleDispatching\Mastermind\Mastermind.csproj", "{CDB4CBC9-3778-469F-A1C0-1CD8D94A6DFC}"
EndProject
Project("{9A19103F-16F7-4668-BE54-9A1E7A4F7556}") = "Mastermind.Controllers", "src\Mastermind\ModelViewPresenter\PresentationModel\WithOutDoubleDispatching\Mastermind.Controllers\Mastermind.Controllers.csproj", "{57FAEE32-EF8D-4310-8927-CD8FE05D08BA}"
EndProject
Project("{9A19103F-16F7-4668-BE54-9A1E7A4F7556}") = "Mastermind.Types", "src\Mastermind\ModelViewPresenter\PresentationModel\WithOutDoubleDispatching\Mastermind.Types\Mastermind.Types.csproj", "{E76E6963-77E5-4CEE-B0D4-B6D490E93242}"
EndProject
Project("{9A19103F-16F7-4668-BE54-9A1E7A4F7556}") = "Mastermind.GameViews", "src\Mastermind\ModelViewPresenter\PresentationModel\WithOutDoubleDispatching\Mastermind.GameViews\Mastermind.GameViews.csproj", "{1CF38E61-818E-4F97-9AD0-668AC80BFDDF}"
EndProject
Project("{9A19103F-16F7-4668-BE54-9A1E7A4F7556}") = "Mastermind.Models", "src\Mastermind\ModelViewPresenter\PresentationModel\WithOutDoubleDispatching\Mastermind.Models\Mastermind.Models.csproj", "{DD4D7F87-58CC-49D9-ABD9-04D887883FB6}"
EndProject
Project("{9A19103F-16F7-4668-BE54-9A1E7A4F7556}") = "Mastermind.ConsoleApp", "src\Mastermind\ModelViewPresenter\PresentationModel\WithOutDoubleDispatching\Mastermind.ConsoleApp\Mastermind.ConsoleApp.csproj", "{04E0FED9-8421-4420-892C-5190F089AAAE}"
EndProject
Project("{2150E333-8FDC-42A3-9474-1A3956D46DE8}") = "WithDoubleDispatching", "WithDoubleDispatching", "{98DA92BF-E2FC-4AA2-8604-6DA1A38E747B}"
EndProject
Project("{FAE04EC0-301F-11D3-BF4B-00C04F79EFBC}") = "Mastermind", "src\Mastermind\ModelViewPresenter\PresentationModel\WithDoubleDispatching\Mastermind\Mastermind.csproj", "{EB4FEF2C-54B7-47FC-A5F9-1F44755B93F5}"
EndProject
Project("{FAE04EC0-301F-11D3-BF4B-00C04F79EFBC}") = "Mastermind.Types", "src\Mastermind\ModelViewPresenter\PresentationModel\WithDoubleDispatching\Mastermind.Types\Mastermind.Types.csproj", "{EA689CA9-AC97-4B51-B219-9F5718859FE4}"
EndProject
Project("{FAE04EC0-301F-11D3-BF4B-00C04F79EFBC}") = "Mastermind.Models", "src\Mastermind\ModelViewPresenter\PresentationModel\WithDoubleDispatching\Mastermind.Models\Mastermind.Models.csproj", "{52344FFF-17F1-42C3-A34F-F567AC3EC8D4}"
EndProject
Project("{FAE04EC0-301F-11D3-BF4B-00C04F79EFBC}") = "Mastermind.Controllers", "src\Mastermind\ModelViewPresenter\PresentationModel\WithDoubleDispatching\Mastermind.Controllers\Mastermind.Controllers.csproj", "{1F8FC15A-58D5-4221-8A70-0F4717579C40}"
EndProject
Project("{FAE04EC0-301F-11D3-BF4B-00C04F79EFBC}") = "Mastermind.GameViews", "src\Mastermind\ModelViewPresenter\PresentationModel\WithDoubleDispatching\Mastermind.GameViews\Mastermind.GameViews.csproj", "{8FFEF278-7274-439B-B312-216F4C03027C}"
EndProject
Project("{FAE04EC0-301F-11D3-BF4B-00C04F79EFBC}") = "Mastermind.ConsoleApp", "src\Mastermind\ModelViewPresenter\PresentationModel\WithDoubleDispatching\Mastermind.ConsoleApp\Mastermind.ConsoleApp.csproj", "{C2E8BF56-CA31-4AAB-815E-EFD0728B1B23}"
EndProject
Global
	GlobalSection(SolutionConfigurationPlatforms) = preSolution
		Debug|Any CPU = Debug|Any CPU
		Release|Any CPU = Release|Any CPU
	EndGlobalSection
	GlobalSection(ProjectConfigurationPlatforms) = postSolution
		{4FF522DB-388F-472E-9515-57DC23634FB1}.Debug|Any CPU.ActiveCfg = Debug|Any CPU
		{4FF522DB-388F-472E-9515-57DC23634FB1}.Debug|Any CPU.Build.0 = Debug|Any CPU
		{4FF522DB-388F-472E-9515-57DC23634FB1}.Release|Any CPU.ActiveCfg = Release|Any CPU
		{4FF522DB-388F-472E-9515-57DC23634FB1}.Release|Any CPU.Build.0 = Release|Any CPU
		{D4116655-5296-4179-B694-2F0E9E320344}.Debug|Any CPU.ActiveCfg = Debug|Any CPU
		{D4116655-5296-4179-B694-2F0E9E320344}.Debug|Any CPU.Build.0 = Debug|Any CPU
		{D4116655-5296-4179-B694-2F0E9E320344}.Release|Any CPU.ActiveCfg = Release|Any CPU
		{D4116655-5296-4179-B694-2F0E9E320344}.Release|Any CPU.Build.0 = Release|Any CPU
		{C76B6717-221B-40F5-825E-7250436459FE}.Debug|Any CPU.ActiveCfg = Debug|Any CPU
		{C76B6717-221B-40F5-825E-7250436459FE}.Debug|Any CPU.Build.0 = Debug|Any CPU
		{C76B6717-221B-40F5-825E-7250436459FE}.Release|Any CPU.ActiveCfg = Release|Any CPU
		{C76B6717-221B-40F5-825E-7250436459FE}.Release|Any CPU.Build.0 = Release|Any CPU
		{5128A4E4-BAF7-4782-9433-E685A267F3F7}.Debug|Any CPU.ActiveCfg = Debug|Any CPU
		{5128A4E4-BAF7-4782-9433-E685A267F3F7}.Debug|Any CPU.Build.0 = Debug|Any CPU
		{5128A4E4-BAF7-4782-9433-E685A267F3F7}.Release|Any CPU.ActiveCfg = Release|Any CPU
		{5128A4E4-BAF7-4782-9433-E685A267F3F7}.Release|Any CPU.Build.0 = Release|Any CPU
		{906A3111-1B3E-4CB4-8739-11256B1BF038}.Debug|Any CPU.ActiveCfg = Debug|Any CPU
		{906A3111-1B3E-4CB4-8739-11256B1BF038}.Debug|Any CPU.Build.0 = Debug|Any CPU
		{906A3111-1B3E-4CB4-8739-11256B1BF038}.Release|Any CPU.ActiveCfg = Release|Any CPU
		{906A3111-1B3E-4CB4-8739-11256B1BF038}.Release|Any CPU.Build.0 = Release|Any CPU
		{C9B88CBC-DA69-4F85-87BC-9AEFB34774B0}.Debug|Any CPU.ActiveCfg = Debug|Any CPU
		{C9B88CBC-DA69-4F85-87BC-9AEFB34774B0}.Debug|Any CPU.Build.0 = Debug|Any CPU
		{C9B88CBC-DA69-4F85-87BC-9AEFB34774B0}.Release|Any CPU.ActiveCfg = Release|Any CPU
		{C9B88CBC-DA69-4F85-87BC-9AEFB34774B0}.Release|Any CPU.Build.0 = Release|Any CPU
		{453B7925-7221-4218-8339-20274E5E8C8E}.Debug|Any CPU.ActiveCfg = Debug|Any CPU
		{453B7925-7221-4218-8339-20274E5E8C8E}.Debug|Any CPU.Build.0 = Debug|Any CPU
		{453B7925-7221-4218-8339-20274E5E8C8E}.Release|Any CPU.ActiveCfg = Release|Any CPU
		{453B7925-7221-4218-8339-20274E5E8C8E}.Release|Any CPU.Build.0 = Release|Any CPU
		{C427A2C6-788E-4CF6-8289-9CE037FDD7CD}.Debug|Any CPU.ActiveCfg = Debug|Any CPU
		{C427A2C6-788E-4CF6-8289-9CE037FDD7CD}.Debug|Any CPU.Build.0 = Debug|Any CPU
		{C427A2C6-788E-4CF6-8289-9CE037FDD7CD}.Release|Any CPU.ActiveCfg = Release|Any CPU
		{C427A2C6-788E-4CF6-8289-9CE037FDD7CD}.Release|Any CPU.Build.0 = Release|Any CPU
		{D4AA1035-7E42-46E4-A8C0-33282F45E077}.Debug|Any CPU.ActiveCfg = Debug|Any CPU
		{D4AA1035-7E42-46E4-A8C0-33282F45E077}.Debug|Any CPU.Build.0 = Debug|Any CPU
		{D4AA1035-7E42-46E4-A8C0-33282F45E077}.Release|Any CPU.ActiveCfg = Release|Any CPU
		{D4AA1035-7E42-46E4-A8C0-33282F45E077}.Release|Any CPU.Build.0 = Release|Any CPU
		{75AA0199-BAC0-4D41-A738-FE69471DE6C8}.Debug|Any CPU.ActiveCfg = Debug|Any CPU
		{75AA0199-BAC0-4D41-A738-FE69471DE6C8}.Debug|Any CPU.Build.0 = Debug|Any CPU
		{75AA0199-BAC0-4D41-A738-FE69471DE6C8}.Release|Any CPU.ActiveCfg = Release|Any CPU
		{75AA0199-BAC0-4D41-A738-FE69471DE6C8}.Release|Any CPU.Build.0 = Release|Any CPU
		{4FC2F93A-172A-4D74-894D-E6ADD5C1D371}.Debug|Any CPU.ActiveCfg = Debug|Any CPU
		{4FC2F93A-172A-4D74-894D-E6ADD5C1D371}.Debug|Any CPU.Build.0 = Debug|Any CPU
		{4FC2F93A-172A-4D74-894D-E6ADD5C1D371}.Release|Any CPU.ActiveCfg = Release|Any CPU
		{4FC2F93A-172A-4D74-894D-E6ADD5C1D371}.Release|Any CPU.Build.0 = Release|Any CPU
		{633118EA-A89C-46A5-A865-1BA98578A6E4}.Debug|Any CPU.ActiveCfg = Debug|Any CPU
		{633118EA-A89C-46A5-A865-1BA98578A6E4}.Debug|Any CPU.Build.0 = Debug|Any CPU
		{633118EA-A89C-46A5-A865-1BA98578A6E4}.Release|Any CPU.ActiveCfg = Release|Any CPU
		{633118EA-A89C-46A5-A865-1BA98578A6E4}.Release|Any CPU.Build.0 = Release|Any CPU
		{35B3B52F-81E4-4B05-ACCD-4405524108F2}.Debug|Any CPU.ActiveCfg = Debug|Any CPU
		{35B3B52F-81E4-4B05-ACCD-4405524108F2}.Debug|Any CPU.Build.0 = Debug|Any CPU
		{35B3B52F-81E4-4B05-ACCD-4405524108F2}.Release|Any CPU.ActiveCfg = Release|Any CPU
		{35B3B52F-81E4-4B05-ACCD-4405524108F2}.Release|Any CPU.Build.0 = Release|Any CPU
		{11E91F46-8CBD-41C9-9B99-540C42C6F655}.Debug|Any CPU.ActiveCfg = Debug|Any CPU
		{11E91F46-8CBD-41C9-9B99-540C42C6F655}.Debug|Any CPU.Build.0 = Debug|Any CPU
		{11E91F46-8CBD-41C9-9B99-540C42C6F655}.Release|Any CPU.ActiveCfg = Release|Any CPU
		{11E91F46-8CBD-41C9-9B99-540C42C6F655}.Release|Any CPU.Build.0 = Release|Any CPU
		{57DEF221-77F3-4FB2-AAA8-0BAC436BF444}.Debug|Any CPU.ActiveCfg = Debug|Any CPU
		{57DEF221-77F3-4FB2-AAA8-0BAC436BF444}.Debug|Any CPU.Build.0 = Debug|Any CPU
		{57DEF221-77F3-4FB2-AAA8-0BAC436BF444}.Release|Any CPU.ActiveCfg = Release|Any CPU
		{57DEF221-77F3-4FB2-AAA8-0BAC436BF444}.Release|Any CPU.Build.0 = Release|Any CPU
		{8AA9C9CD-489A-4839-9FCD-018CE95A8F14}.Debug|Any CPU.ActiveCfg = Debug|Any CPU
		{8AA9C9CD-489A-4839-9FCD-018CE95A8F14}.Debug|Any CPU.Build.0 = Debug|Any CPU
		{8AA9C9CD-489A-4839-9FCD-018CE95A8F14}.Release|Any CPU.ActiveCfg = Release|Any CPU
		{8AA9C9CD-489A-4839-9FCD-018CE95A8F14}.Release|Any CPU.Build.0 = Release|Any CPU
		{2365308E-292B-4E14-9500-C6654345BA2F}.Debug|Any CPU.ActiveCfg = Debug|Any CPU
		{2365308E-292B-4E14-9500-C6654345BA2F}.Debug|Any CPU.Build.0 = Debug|Any CPU
		{2365308E-292B-4E14-9500-C6654345BA2F}.Release|Any CPU.ActiveCfg = Release|Any CPU
		{2365308E-292B-4E14-9500-C6654345BA2F}.Release|Any CPU.Build.0 = Release|Any CPU
		{C6EB0003-2D18-4682-BE1F-CBCA077F6703}.Debug|Any CPU.ActiveCfg = Debug|Any CPU
		{C6EB0003-2D18-4682-BE1F-CBCA077F6703}.Debug|Any CPU.Build.0 = Debug|Any CPU
		{C6EB0003-2D18-4682-BE1F-CBCA077F6703}.Release|Any CPU.ActiveCfg = Release|Any CPU
		{C6EB0003-2D18-4682-BE1F-CBCA077F6703}.Release|Any CPU.Build.0 = Release|Any CPU
		{2B30E395-DE15-45BB-A396-519637DB1236}.Debug|Any CPU.ActiveCfg = Debug|Any CPU
		{2B30E395-DE15-45BB-A396-519637DB1236}.Debug|Any CPU.Build.0 = Debug|Any CPU
		{2B30E395-DE15-45BB-A396-519637DB1236}.Release|Any CPU.ActiveCfg = Release|Any CPU
		{2B30E395-DE15-45BB-A396-519637DB1236}.Release|Any CPU.Build.0 = Release|Any CPU
		{909C660C-6C5C-4DFB-95C8-E9DB2548D2E4}.Debug|Any CPU.ActiveCfg = Debug|Any CPU
		{909C660C-6C5C-4DFB-95C8-E9DB2548D2E4}.Debug|Any CPU.Build.0 = Debug|Any CPU
		{909C660C-6C5C-4DFB-95C8-E9DB2548D2E4}.Release|Any CPU.ActiveCfg = Release|Any CPU
		{909C660C-6C5C-4DFB-95C8-E9DB2548D2E4}.Release|Any CPU.Build.0 = Release|Any CPU
		{49611F8C-B19D-4DF1-BE48-CD95F84E47FA}.Debug|Any CPU.ActiveCfg = Debug|Any CPU
		{49611F8C-B19D-4DF1-BE48-CD95F84E47FA}.Debug|Any CPU.Build.0 = Debug|Any CPU
		{49611F8C-B19D-4DF1-BE48-CD95F84E47FA}.Release|Any CPU.ActiveCfg = Release|Any CPU
		{49611F8C-B19D-4DF1-BE48-CD95F84E47FA}.Release|Any CPU.Build.0 = Release|Any CPU
		{8CF38B0F-A0C0-4BC7-80C0-903FF32F8197}.Debug|Any CPU.ActiveCfg = Debug|Any CPU
		{8CF38B0F-A0C0-4BC7-80C0-903FF32F8197}.Debug|Any CPU.Build.0 = Debug|Any CPU
		{8CF38B0F-A0C0-4BC7-80C0-903FF32F8197}.Release|Any CPU.ActiveCfg = Release|Any CPU
		{8CF38B0F-A0C0-4BC7-80C0-903FF32F8197}.Release|Any CPU.Build.0 = Release|Any CPU
		{B2CB1107-7F46-4F63-BB4F-CAFF6F3532B0}.Debug|Any CPU.ActiveCfg = Debug|Any CPU
		{B2CB1107-7F46-4F63-BB4F-CAFF6F3532B0}.Debug|Any CPU.Build.0 = Debug|Any CPU
		{B2CB1107-7F46-4F63-BB4F-CAFF6F3532B0}.Release|Any CPU.ActiveCfg = Release|Any CPU
		{B2CB1107-7F46-4F63-BB4F-CAFF6F3532B0}.Release|Any CPU.Build.0 = Release|Any CPU
		{4BDDD5C1-CD8D-405A-BC53-D10A47BB064B}.Debug|Any CPU.ActiveCfg = Debug|Any CPU
		{4BDDD5C1-CD8D-405A-BC53-D10A47BB064B}.Debug|Any CPU.Build.0 = Debug|Any CPU
		{4BDDD5C1-CD8D-405A-BC53-D10A47BB064B}.Release|Any CPU.ActiveCfg = Release|Any CPU
		{4BDDD5C1-CD8D-405A-BC53-D10A47BB064B}.Release|Any CPU.Build.0 = Release|Any CPU
		{73C09D1A-09DD-4C70-B6EA-B1C145408D95}.Debug|Any CPU.ActiveCfg = Debug|Any CPU
		{73C09D1A-09DD-4C70-B6EA-B1C145408D95}.Debug|Any CPU.Build.0 = Debug|Any CPU
		{73C09D1A-09DD-4C70-B6EA-B1C145408D95}.Release|Any CPU.ActiveCfg = Release|Any CPU
		{73C09D1A-09DD-4C70-B6EA-B1C145408D95}.Release|Any CPU.Build.0 = Release|Any CPU
		{8BC2F85E-95B0-4CEB-9E70-7C12CB7F6A8B}.Debug|Any CPU.ActiveCfg = Debug|Any CPU
		{8BC2F85E-95B0-4CEB-9E70-7C12CB7F6A8B}.Debug|Any CPU.Build.0 = Debug|Any CPU
		{8BC2F85E-95B0-4CEB-9E70-7C12CB7F6A8B}.Release|Any CPU.ActiveCfg = Release|Any CPU
		{8BC2F85E-95B0-4CEB-9E70-7C12CB7F6A8B}.Release|Any CPU.Build.0 = Release|Any CPU
		{BBB9CADA-F27C-457B-9424-743332D69885}.Debug|Any CPU.ActiveCfg = Debug|Any CPU
		{BBB9CADA-F27C-457B-9424-743332D69885}.Debug|Any CPU.Build.0 = Debug|Any CPU
		{BBB9CADA-F27C-457B-9424-743332D69885}.Release|Any CPU.ActiveCfg = Release|Any CPU
		{BBB9CADA-F27C-457B-9424-743332D69885}.Release|Any CPU.Build.0 = Release|Any CPU
		{8037FFEB-A6CC-4C58-ABD4-010C43570A92}.Debug|Any CPU.ActiveCfg = Debug|Any CPU
		{8037FFEB-A6CC-4C58-ABD4-010C43570A92}.Debug|Any CPU.Build.0 = Debug|Any CPU
		{8037FFEB-A6CC-4C58-ABD4-010C43570A92}.Release|Any CPU.ActiveCfg = Release|Any CPU
		{8037FFEB-A6CC-4C58-ABD4-010C43570A92}.Release|Any CPU.Build.0 = Release|Any CPU
		{C1ECD019-682E-4525-8396-8B5411F44D5B}.Debug|Any CPU.ActiveCfg = Debug|Any CPU
		{C1ECD019-682E-4525-8396-8B5411F44D5B}.Debug|Any CPU.Build.0 = Debug|Any CPU
		{C1ECD019-682E-4525-8396-8B5411F44D5B}.Release|Any CPU.ActiveCfg = Release|Any CPU
		{C1ECD019-682E-4525-8396-8B5411F44D5B}.Release|Any CPU.Build.0 = Release|Any CPU
		{1197541C-A589-45E3-854D-BFD942AEB6FD}.Debug|Any CPU.ActiveCfg = Debug|Any CPU
		{1197541C-A589-45E3-854D-BFD942AEB6FD}.Debug|Any CPU.Build.0 = Debug|Any CPU
		{1197541C-A589-45E3-854D-BFD942AEB6FD}.Release|Any CPU.ActiveCfg = Release|Any CPU
		{1197541C-A589-45E3-854D-BFD942AEB6FD}.Release|Any CPU.Build.0 = Release|Any CPU
		{195CB9A1-2BD4-4980-B14C-0E6E128C0689}.Debug|Any CPU.ActiveCfg = Debug|Any CPU
		{195CB9A1-2BD4-4980-B14C-0E6E128C0689}.Debug|Any CPU.Build.0 = Debug|Any CPU
		{195CB9A1-2BD4-4980-B14C-0E6E128C0689}.Release|Any CPU.ActiveCfg = Release|Any CPU
		{195CB9A1-2BD4-4980-B14C-0E6E128C0689}.Release|Any CPU.Build.0 = Release|Any CPU
		{2A08C87F-1AC5-4429-A421-008B899ABD97}.Debug|Any CPU.ActiveCfg = Debug|Any CPU
		{2A08C87F-1AC5-4429-A421-008B899ABD97}.Debug|Any CPU.Build.0 = Debug|Any CPU
		{2A08C87F-1AC5-4429-A421-008B899ABD97}.Release|Any CPU.ActiveCfg = Release|Any CPU
		{2A08C87F-1AC5-4429-A421-008B899ABD97}.Release|Any CPU.Build.0 = Release|Any CPU
		{DC94F8F6-35F6-4871-BAD8-D0BD19A6EF57}.Debug|Any CPU.ActiveCfg = Debug|Any CPU
		{DC94F8F6-35F6-4871-BAD8-D0BD19A6EF57}.Debug|Any CPU.Build.0 = Debug|Any CPU
		{DC94F8F6-35F6-4871-BAD8-D0BD19A6EF57}.Release|Any CPU.ActiveCfg = Release|Any CPU
		{DC94F8F6-35F6-4871-BAD8-D0BD19A6EF57}.Release|Any CPU.Build.0 = Release|Any CPU
		{6B2CCA9F-2391-478E-BD23-51CA67370E88}.Debug|Any CPU.ActiveCfg = Debug|Any CPU
		{6B2CCA9F-2391-478E-BD23-51CA67370E88}.Debug|Any CPU.Build.0 = Debug|Any CPU
		{6B2CCA9F-2391-478E-BD23-51CA67370E88}.Release|Any CPU.ActiveCfg = Release|Any CPU
		{6B2CCA9F-2391-478E-BD23-51CA67370E88}.Release|Any CPU.Build.0 = Release|Any CPU
		{EEBE6429-4049-444B-BD88-77D032641841}.Debug|Any CPU.ActiveCfg = Debug|Any CPU
		{EEBE6429-4049-444B-BD88-77D032641841}.Debug|Any CPU.Build.0 = Debug|Any CPU
		{EEBE6429-4049-444B-BD88-77D032641841}.Release|Any CPU.ActiveCfg = Release|Any CPU
		{EEBE6429-4049-444B-BD88-77D032641841}.Release|Any CPU.Build.0 = Release|Any CPU
		{E2695FCE-5C9E-420A-BF06-43D0EDF8FD48}.Debug|Any CPU.ActiveCfg = Debug|Any CPU
		{E2695FCE-5C9E-420A-BF06-43D0EDF8FD48}.Debug|Any CPU.Build.0 = Debug|Any CPU
		{E2695FCE-5C9E-420A-BF06-43D0EDF8FD48}.Release|Any CPU.ActiveCfg = Release|Any CPU
		{E2695FCE-5C9E-420A-BF06-43D0EDF8FD48}.Release|Any CPU.Build.0 = Release|Any CPU
		{9B51B90D-AC7E-456B-A490-281C356FFE2C}.Debug|Any CPU.ActiveCfg = Debug|Any CPU
		{9B51B90D-AC7E-456B-A490-281C356FFE2C}.Debug|Any CPU.Build.0 = Debug|Any CPU
		{9B51B90D-AC7E-456B-A490-281C356FFE2C}.Release|Any CPU.ActiveCfg = Release|Any CPU
		{9B51B90D-AC7E-456B-A490-281C356FFE2C}.Release|Any CPU.Build.0 = Release|Any CPU
		{36D7E373-41E6-4135-9E05-25E520C3B775}.Debug|Any CPU.ActiveCfg = Debug|Any CPU
		{36D7E373-41E6-4135-9E05-25E520C3B775}.Debug|Any CPU.Build.0 = Debug|Any CPU
		{36D7E373-41E6-4135-9E05-25E520C3B775}.Release|Any CPU.ActiveCfg = Release|Any CPU
		{36D7E373-41E6-4135-9E05-25E520C3B775}.Release|Any CPU.Build.0 = Release|Any CPU
		{CDB4CBC9-3778-469F-A1C0-1CD8D94A6DFC}.Debug|Any CPU.ActiveCfg = Debug|Any CPU
		{CDB4CBC9-3778-469F-A1C0-1CD8D94A6DFC}.Debug|Any CPU.Build.0 = Debug|Any CPU
		{CDB4CBC9-3778-469F-A1C0-1CD8D94A6DFC}.Release|Any CPU.ActiveCfg = Release|Any CPU
		{CDB4CBC9-3778-469F-A1C0-1CD8D94A6DFC}.Release|Any CPU.Build.0 = Release|Any CPU
		{57FAEE32-EF8D-4310-8927-CD8FE05D08BA}.Debug|Any CPU.ActiveCfg = Debug|Any CPU
		{57FAEE32-EF8D-4310-8927-CD8FE05D08BA}.Debug|Any CPU.Build.0 = Debug|Any CPU
		{57FAEE32-EF8D-4310-8927-CD8FE05D08BA}.Release|Any CPU.ActiveCfg = Release|Any CPU
		{57FAEE32-EF8D-4310-8927-CD8FE05D08BA}.Release|Any CPU.Build.0 = Release|Any CPU
		{E76E6963-77E5-4CEE-B0D4-B6D490E93242}.Debug|Any CPU.ActiveCfg = Debug|Any CPU
		{E76E6963-77E5-4CEE-B0D4-B6D490E93242}.Debug|Any CPU.Build.0 = Debug|Any CPU
		{E76E6963-77E5-4CEE-B0D4-B6D490E93242}.Release|Any CPU.ActiveCfg = Release|Any CPU
		{E76E6963-77E5-4CEE-B0D4-B6D490E93242}.Release|Any CPU.Build.0 = Release|Any CPU
		{1CF38E61-818E-4F97-9AD0-668AC80BFDDF}.Debug|Any CPU.ActiveCfg = Debug|Any CPU
		{1CF38E61-818E-4F97-9AD0-668AC80BFDDF}.Debug|Any CPU.Build.0 = Debug|Any CPU
		{1CF38E61-818E-4F97-9AD0-668AC80BFDDF}.Release|Any CPU.ActiveCfg = Release|Any CPU
		{1CF38E61-818E-4F97-9AD0-668AC80BFDDF}.Release|Any CPU.Build.0 = Release|Any CPU
		{DD4D7F87-58CC-49D9-ABD9-04D887883FB6}.Debug|Any CPU.ActiveCfg = Debug|Any CPU
		{DD4D7F87-58CC-49D9-ABD9-04D887883FB6}.Debug|Any CPU.Build.0 = Debug|Any CPU
		{DD4D7F87-58CC-49D9-ABD9-04D887883FB6}.Release|Any CPU.ActiveCfg = Release|Any CPU
		{DD4D7F87-58CC-49D9-ABD9-04D887883FB6}.Release|Any CPU.Build.0 = Release|Any CPU
		{04E0FED9-8421-4420-892C-5190F089AAAE}.Debug|Any CPU.ActiveCfg = Debug|Any CPU
		{04E0FED9-8421-4420-892C-5190F089AAAE}.Debug|Any CPU.Build.0 = Debug|Any CPU
		{04E0FED9-8421-4420-892C-5190F089AAAE}.Release|Any CPU.ActiveCfg = Release|Any CPU
		{04E0FED9-8421-4420-892C-5190F089AAAE}.Release|Any CPU.Build.0 = Release|Any CPU
		{EB4FEF2C-54B7-47FC-A5F9-1F44755B93F5}.Debug|Any CPU.ActiveCfg = Debug|Any CPU
		{EB4FEF2C-54B7-47FC-A5F9-1F44755B93F5}.Debug|Any CPU.Build.0 = Debug|Any CPU
		{EB4FEF2C-54B7-47FC-A5F9-1F44755B93F5}.Release|Any CPU.ActiveCfg = Release|Any CPU
		{EB4FEF2C-54B7-47FC-A5F9-1F44755B93F5}.Release|Any CPU.Build.0 = Release|Any CPU
		{EA689CA9-AC97-4B51-B219-9F5718859FE4}.Debug|Any CPU.ActiveCfg = Debug|Any CPU
		{EA689CA9-AC97-4B51-B219-9F5718859FE4}.Debug|Any CPU.Build.0 = Debug|Any CPU
		{EA689CA9-AC97-4B51-B219-9F5718859FE4}.Release|Any CPU.ActiveCfg = Release|Any CPU
		{EA689CA9-AC97-4B51-B219-9F5718859FE4}.Release|Any CPU.Build.0 = Release|Any CPU
		{52344FFF-17F1-42C3-A34F-F567AC3EC8D4}.Debug|Any CPU.ActiveCfg = Debug|Any CPU
		{52344FFF-17F1-42C3-A34F-F567AC3EC8D4}.Debug|Any CPU.Build.0 = Debug|Any CPU
		{52344FFF-17F1-42C3-A34F-F567AC3EC8D4}.Release|Any CPU.ActiveCfg = Release|Any CPU
		{52344FFF-17F1-42C3-A34F-F567AC3EC8D4}.Release|Any CPU.Build.0 = Release|Any CPU
		{1F8FC15A-58D5-4221-8A70-0F4717579C40}.Debug|Any CPU.ActiveCfg = Debug|Any CPU
		{1F8FC15A-58D5-4221-8A70-0F4717579C40}.Debug|Any CPU.Build.0 = Debug|Any CPU
		{1F8FC15A-58D5-4221-8A70-0F4717579C40}.Release|Any CPU.ActiveCfg = Release|Any CPU
		{1F8FC15A-58D5-4221-8A70-0F4717579C40}.Release|Any CPU.Build.0 = Release|Any CPU
		{8FFEF278-7274-439B-B312-216F4C03027C}.Debug|Any CPU.ActiveCfg = Debug|Any CPU
		{8FFEF278-7274-439B-B312-216F4C03027C}.Debug|Any CPU.Build.0 = Debug|Any CPU
		{8FFEF278-7274-439B-B312-216F4C03027C}.Release|Any CPU.ActiveCfg = Release|Any CPU
		{8FFEF278-7274-439B-B312-216F4C03027C}.Release|Any CPU.Build.0 = Release|Any CPU
		{C2E8BF56-CA31-4AAB-815E-EFD0728B1B23}.Debug|Any CPU.ActiveCfg = Debug|Any CPU
		{C2E8BF56-CA31-4AAB-815E-EFD0728B1B23}.Debug|Any CPU.Build.0 = Debug|Any CPU
		{C2E8BF56-CA31-4AAB-815E-EFD0728B1B23}.Release|Any CPU.ActiveCfg = Release|Any CPU
		{C2E8BF56-CA31-4AAB-815E-EFD0728B1B23}.Release|Any CPU.Build.0 = Release|Any CPU
	EndGlobalSection
	GlobalSection(SolutionProperties) = preSolution
		HideSolutionNode = FALSE
	EndGlobalSection
	GlobalSection(NestedProjects) = preSolution
		{B1AA156F-7465-40B3-9111-2F245FB62261} = {47E3D204-61D4-4B29-BA50-D2D336288137}
		{AEEAC4CE-706E-4725-8017-0A4ED08396B5} = {B1AA156F-7465-40B3-9111-2F245FB62261}
		{D4804759-9D43-4249-AF82-F8D88BBA8446} = {B1AA156F-7465-40B3-9111-2F245FB62261}
		{4F9245BA-658B-4AB7-BA82-7D873FEBDE9D} = {B1AA156F-7465-40B3-9111-2F245FB62261}
		{9CC8F101-8223-4432-8847-5D2B9997AD92} = {B1AA156F-7465-40B3-9111-2F245FB62261}
		{C9070F6E-8E48-4073-B293-83F7666D45A0} = {AEEAC4CE-706E-4725-8017-0A4ED08396B5}
		{8E8C4D24-4C86-4733-9228-EE0C50ACCE94} = {47E3D204-61D4-4B29-BA50-D2D336288137}
		{AD499C81-D8A5-4CC7-BB17-C4B2BB157F13} = {8E8C4D24-4C86-4733-9228-EE0C50ACCE94}
		{90A0BFCA-A1A2-4F9D-9F61-6DF5E7B8A30C} = {8E8C4D24-4C86-4733-9228-EE0C50ACCE94}
		{36DA83E5-5997-48A8-AAC8-B6995E12D1CA} = {8E8C4D24-4C86-4733-9228-EE0C50ACCE94}
		{605815E7-AFC0-4352-81C1-DF700442E4A3} = {D4804759-9D43-4249-AF82-F8D88BBA8446}
		{4FF522DB-388F-472E-9515-57DC23634FB1} = {605815E7-AFC0-4352-81C1-DF700442E4A3}
		{D4116655-5296-4179-B694-2F0E9E320344} = {605815E7-AFC0-4352-81C1-DF700442E4A3}
		{C76B6717-221B-40F5-825E-7250436459FE} = {605815E7-AFC0-4352-81C1-DF700442E4A3}
		{5128A4E4-BAF7-4782-9433-E685A267F3F7} = {605815E7-AFC0-4352-81C1-DF700442E4A3}
		{906A3111-1B3E-4CB4-8739-11256B1BF038} = {605815E7-AFC0-4352-81C1-DF700442E4A3}
		{C9B88CBC-DA69-4F85-87BC-9AEFB34774B0} = {605815E7-AFC0-4352-81C1-DF700442E4A3}
		{453B7925-7221-4218-8339-20274E5E8C8E} = {C9070F6E-8E48-4073-B293-83F7666D45A0}
		{AE960945-318E-4338-B452-58032F90C6FE} = {AEEAC4CE-706E-4725-8017-0A4ED08396B5}
		{C427A2C6-788E-4CF6-8289-9CE037FDD7CD} = {AE960945-318E-4338-B452-58032F90C6FE}
		{D4AA1035-7E42-46E4-A8C0-33282F45E077} = {989A4059-C54D-4AF4-B7C6-6482290836B8}
		{989A4059-C54D-4AF4-B7C6-6482290836B8} = {D4804759-9D43-4249-AF82-F8D88BBA8446}
		{75AA0199-BAC0-4D41-A738-FE69471DE6C8} = {989A4059-C54D-4AF4-B7C6-6482290836B8}
		{4FC2F93A-172A-4D74-894D-E6ADD5C1D371} = {989A4059-C54D-4AF4-B7C6-6482290836B8}
		{633118EA-A89C-46A5-A865-1BA98578A6E4} = {989A4059-C54D-4AF4-B7C6-6482290836B8}
		{35B3B52F-81E4-4B05-ACCD-4405524108F2} = {AD499C81-D8A5-4CC7-BB17-C4B2BB157F13}
		{11E91F46-8CBD-41C9-9B99-540C42C6F655} = {094895E3-244E-4169-9DA3-B576496FC9A4}
		{57DEF221-77F3-4FB2-AAA8-0BAC436BF444} = {094895E3-244E-4169-9DA3-B576496FC9A4}
		{8AA9C9CD-489A-4839-9FCD-018CE95A8F14} = {094895E3-244E-4169-9DA3-B576496FC9A4}
		{094895E3-244E-4169-9DA3-B576496FC9A4} = {90A0BFCA-A1A2-4F9D-9F61-6DF5E7B8A30C}
		{8D466C2E-CD0B-4BC2-99AF-8D1A2D89D18E} = {90A0BFCA-A1A2-4F9D-9F61-6DF5E7B8A30C}
		{2365308E-292B-4E14-9500-C6654345BA2F} = {8D466C2E-CD0B-4BC2-99AF-8D1A2D89D18E}
		{C6EB0003-2D18-4682-BE1F-CBCA077F6703} = {8D466C2E-CD0B-4BC2-99AF-8D1A2D89D18E}
		{2B30E395-DE15-45BB-A396-519637DB1236} = {8D466C2E-CD0B-4BC2-99AF-8D1A2D89D18E}
		{909C660C-6C5C-4DFB-95C8-E9DB2548D2E4} = {8D466C2E-CD0B-4BC2-99AF-8D1A2D89D18E}
		{49611F8C-B19D-4DF1-BE48-CD95F84E47FA} = {8D466C2E-CD0B-4BC2-99AF-8D1A2D89D18E}
		{185D6DB3-5BF9-40E4-83E3-74AFCF9FFE7B} = {90A0BFCA-A1A2-4F9D-9F61-6DF5E7B8A30C}
		{8CF38B0F-A0C0-4BC7-80C0-903FF32F8197} = {185D6DB3-5BF9-40E4-83E3-74AFCF9FFE7B}
		{B2CB1107-7F46-4F63-BB4F-CAFF6F3532B0} = {185D6DB3-5BF9-40E4-83E3-74AFCF9FFE7B}
		{4BDDD5C1-CD8D-405A-BC53-D10A47BB064B} = {185D6DB3-5BF9-40E4-83E3-74AFCF9FFE7B}
		{73C09D1A-09DD-4C70-B6EA-B1C145408D95} = {185D6DB3-5BF9-40E4-83E3-74AFCF9FFE7B}
		{8BC2F85E-95B0-4CEB-9E70-7C12CB7F6A8B} = {185D6DB3-5BF9-40E4-83E3-74AFCF9FFE7B}
		{9896ED1B-E4B6-4557-8E58-954B192357C0} = {36DA83E5-5997-48A8-AAC8-B6995E12D1CA}
		{BBB9CADA-F27C-457B-9424-743332D69885} = {3B9EFD66-EB62-4EE6-9893-EA13026B1928}
		{8037FFEB-A6CC-4C58-ABD4-010C43570A92} = {3B9EFD66-EB62-4EE6-9893-EA13026B1928}
		{C1ECD019-682E-4525-8396-8B5411F44D5B} = {3B9EFD66-EB62-4EE6-9893-EA13026B1928}
		{1197541C-A589-45E3-854D-BFD942AEB6FD} = {3B9EFD66-EB62-4EE6-9893-EA13026B1928}
		{195CB9A1-2BD4-4980-B14C-0E6E128C0689} = {3B9EFD66-EB62-4EE6-9893-EA13026B1928}
		{2A08C87F-1AC5-4429-A421-008B899ABD97} = {3B9EFD66-EB62-4EE6-9893-EA13026B1928}
		{3B9EFD66-EB62-4EE6-9893-EA13026B1928} = {9896ED1B-E4B6-4557-8E58-954B192357C0}
		{8EE399F9-4765-4605-8CCD-BED204FF8513} = {9896ED1B-E4B6-4557-8E58-954B192357C0}
		{DC94F8F6-35F6-4871-BAD8-D0BD19A6EF57} = {8EE399F9-4765-4605-8CCD-BED204FF8513}
		{6B2CCA9F-2391-478E-BD23-51CA67370E88} = {8EE399F9-4765-4605-8CCD-BED204FF8513}
		{EEBE6429-4049-444B-BD88-77D032641841} = {8EE399F9-4765-4605-8CCD-BED204FF8513}
		{E2695FCE-5C9E-420A-BF06-43D0EDF8FD48} = {8EE399F9-4765-4605-8CCD-BED204FF8513}
		{9B51B90D-AC7E-456B-A490-281C356FFE2C} = {8EE399F9-4765-4605-8CCD-BED204FF8513}
		{36D7E373-41E6-4135-9E05-25E520C3B775} = {8EE399F9-4765-4605-8CCD-BED204FF8513}
		{1D13A11D-FDC2-4428-8316-7578F823C0B5} = {9896ED1B-E4B6-4557-8E58-954B192357C0}
		{CDB4CBC9-3778-469F-A1C0-1CD8D94A6DFC} = {1D13A11D-FDC2-4428-8316-7578F823C0B5}
		{57FAEE32-EF8D-4310-8927-CD8FE05D08BA} = {1D13A11D-FDC2-4428-8316-7578F823C0B5}
		{E76E6963-77E5-4CEE-B0D4-B6D490E93242} = {1D13A11D-FDC2-4428-8316-7578F823C0B5}
		{1CF38E61-818E-4F97-9AD0-668AC80BFDDF} = {1D13A11D-FDC2-4428-8316-7578F823C0B5}
		{DD4D7F87-58CC-49D9-ABD9-04D887883FB6} = {1D13A11D-FDC2-4428-8316-7578F823C0B5}
		{04E0FED9-8421-4420-892C-5190F089AAAE} = {1D13A11D-FDC2-4428-8316-7578F823C0B5}
		{98DA92BF-E2FC-4AA2-8604-6DA1A38E747B} = {9896ED1B-E4B6-4557-8E58-954B192357C0}
		{EB4FEF2C-54B7-47FC-A5F9-1F44755B93F5} = {98DA92BF-E2FC-4AA2-8604-6DA1A38E747B}
		{EA689CA9-AC97-4B51-B219-9F5718859FE4} = {98DA92BF-E2FC-4AA2-8604-6DA1A38E747B}
		{52344FFF-17F1-42C3-A34F-F567AC3EC8D4} = {98DA92BF-E2FC-4AA2-8604-6DA1A38E747B}
		{1F8FC15A-58D5-4221-8A70-0F4717579C40} = {98DA92BF-E2FC-4AA2-8604-6DA1A38E747B}
		{8FFEF278-7274-439B-B312-216F4C03027C} = {98DA92BF-E2FC-4AA2-8604-6DA1A38E747B}
		{C2E8BF56-CA31-4AAB-815E-EFD0728B1B23} = {98DA92BF-E2FC-4AA2-8604-6DA1A38E747B}
	EndGlobalSection
	GlobalSection(ExtensibilityGlobals) = postSolution
		SolutionGuid = {2AE9947C-D1D2-4C33-B59E-B63A1C009BCE}
	EndGlobalSection
EndGlobal
