
Microsoft Visual Studio Solution File, Format Version 12.00
# Visual Studio Version 17
VisualStudioVersion = 17.3.32922.545
MinimumVisualStudioVersion = 10.0.40219.1
Project("{2150E333-8FDC-42A3-9474-1A3956D46DE8}") = "TicTacToe", "TicTacToe", "{B1AA156F-7465-40B3-9111-2F245FB62261}"
EndProject
Project("{2150E333-8FDC-42A3-9474-1A3956D46DE8}") = "DomainModel", "DomainModel", "{AEEAC4CE-706E-4725-8017-0A4ED08396B5}"
EndProject
Project("{2150E333-8FDC-42A3-9474-1A3956D46DE8}") = "DocumentView", "DocumentView", "{D4804759-9D43-4249-AF82-F8D88BBA8446}"
EndProject
Project("{2150E333-8FDC-42A3-9474-1A3956D46DE8}") = "src", "src", "{47E3D204-61D4-4B29-BA50-D2D336288137}"
EndProject
Project("{2150E333-8FDC-42A3-9474-1A3956D46DE8}") = "ModelViewPresenter", "ModelViewPresenter", "{4F9245BA-658B-4AB7-BA82-7D873FEBDE9D}"
EndProject
Project("{9A19103F-16F7-4668-BE54-9A1E7A4F7556}") = "TicTacToe", "src\TicTacToe\DocumentView\Basic\TicTacToe\TicTacToe.csproj", "{F7C9ACD7-C66A-404D-8721-2FB325EEF77F}"
EndProject
Project("{9A19103F-16F7-4668-BE54-9A1E7A4F7556}") = "TicTacToe.Models", "src\TicTacToe\DocumentView\Basic\TicTacToe.Models\TicTacToe.Models.csproj", "{0FEC4B73-D697-4ED1-8338-46FF5093C540}"
EndProject
Project("{9A19103F-16F7-4668-BE54-9A1E7A4F7556}") = "TicTacToe.Views", "src\TicTacToe\DocumentView\Basic\TicTacToe.Views\TicTacToe.Views.csproj", "{3DFDE43D-E4DF-44A9-B179-FAFE4D39BF12}"
EndProject
Project("{9A19103F-16F7-4668-BE54-9A1E7A4F7556}") = "TicTacToe.Utils", "src\TicTacToe\DocumentView\Basic\TicTacToe.Utils\TicTacToe.Utils.csproj", "{4513413A-6427-4459-A378-FDD28E096EE5}"
EndProject
Project("{9A19103F-16F7-4668-BE54-9A1E7A4F7556}") = "TicTacToe.ConsoleApp", "src\TicTacToe\DocumentView\Basic\TicTacToe.ConsoleApp\TicTacToe.ConsoleApp.csproj", "{F4203449-D9F1-406E-B53B-9664F8417B88}"
EndProject
Project("{9A19103F-16F7-4668-BE54-9A1E7A4F7556}") = "TicTacToe.Types", "src\TicTacToe\DocumentView\Basic\TicTacToe.Types\TicTacToe.Types.csproj", "{87D07CA9-C3CB-47E0-A3F8-8F76D1DDDE7C}"
EndProject
Project("{2150E333-8FDC-42A3-9474-1A3956D46DE8}") = "NewFolder1", "NewFolder1", "{9CC8F101-8223-4432-8847-5D2B9997AD92}"
EndProject
Project("{2150E333-8FDC-42A3-9474-1A3956D46DE8}") = "Basic", "Basic", "{C9070F6E-8E48-4073-B293-83F7666D45A0}"
EndProject
Project("{2150E333-8FDC-42A3-9474-1A3956D46DE8}") = "Mastermind", "Mastermind", "{8E8C4D24-4C86-4733-9228-EE0C50ACCE94}"
EndProject
Project("{2150E333-8FDC-42A3-9474-1A3956D46DE8}") = "DomainModel", "DomainModel", "{AD499C81-D8A5-4CC7-BB17-C4B2BB157F13}"
EndProject
Project("{2150E333-8FDC-42A3-9474-1A3956D46DE8}") = "DocumentView", "DocumentView", "{90A0BFCA-A1A2-4F9D-9F61-6DF5E7B8A30C}"
EndProject
Project("{2150E333-8FDC-42A3-9474-1A3956D46DE8}") = "ModelViewPresenter", "ModelViewPresenter", "{36DA83E5-5997-48A8-AAC8-B6995E12D1CA}"
EndProject
Project("{FAE04EC0-301F-11D3-BF4B-00C04F79EFBC}") = "Mastermind", "src\Mastermind\DomainModel\Basic\Mastermind\Mastermind.csproj", "{A0CB95C0-0268-4592-AA64-DB26C1C35828}"
EndProject
Global
	GlobalSection(SolutionConfigurationPlatforms) = preSolution
		Debug|Any CPU = Debug|Any CPU
		Release|Any CPU = Release|Any CPU
	EndGlobalSection
	GlobalSection(ProjectConfigurationPlatforms) = postSolution
		{F7C9ACD7-C66A-404D-8721-2FB325EEF77F}.Debug|Any CPU.ActiveCfg = Debug|Any CPU
		{F7C9ACD7-C66A-404D-8721-2FB325EEF77F}.Debug|Any CPU.Build.0 = Debug|Any CPU
		{F7C9ACD7-C66A-404D-8721-2FB325EEF77F}.Release|Any CPU.ActiveCfg = Release|Any CPU
		{F7C9ACD7-C66A-404D-8721-2FB325EEF77F}.Release|Any CPU.Build.0 = Release|Any CPU
		{0FEC4B73-D697-4ED1-8338-46FF5093C540}.Debug|Any CPU.ActiveCfg = Debug|Any CPU
		{0FEC4B73-D697-4ED1-8338-46FF5093C540}.Debug|Any CPU.Build.0 = Debug|Any CPU
		{0FEC4B73-D697-4ED1-8338-46FF5093C540}.Release|Any CPU.ActiveCfg = Release|Any CPU
		{0FEC4B73-D697-4ED1-8338-46FF5093C540}.Release|Any CPU.Build.0 = Release|Any CPU
		{3DFDE43D-E4DF-44A9-B179-FAFE4D39BF12}.Debug|Any CPU.ActiveCfg = Debug|Any CPU
		{3DFDE43D-E4DF-44A9-B179-FAFE4D39BF12}.Debug|Any CPU.Build.0 = Debug|Any CPU
		{3DFDE43D-E4DF-44A9-B179-FAFE4D39BF12}.Release|Any CPU.ActiveCfg = Release|Any CPU
		{3DFDE43D-E4DF-44A9-B179-FAFE4D39BF12}.Release|Any CPU.Build.0 = Release|Any CPU
		{4513413A-6427-4459-A378-FDD28E096EE5}.Debug|Any CPU.ActiveCfg = Debug|Any CPU
		{4513413A-6427-4459-A378-FDD28E096EE5}.Debug|Any CPU.Build.0 = Debug|Any CPU
		{4513413A-6427-4459-A378-FDD28E096EE5}.Release|Any CPU.ActiveCfg = Release|Any CPU
		{4513413A-6427-4459-A378-FDD28E096EE5}.Release|Any CPU.Build.0 = Release|Any CPU
		{F4203449-D9F1-406E-B53B-9664F8417B88}.Debug|Any CPU.ActiveCfg = Debug|Any CPU
		{F4203449-D9F1-406E-B53B-9664F8417B88}.Debug|Any CPU.Build.0 = Debug|Any CPU
		{F4203449-D9F1-406E-B53B-9664F8417B88}.Release|Any CPU.ActiveCfg = Release|Any CPU
		{F4203449-D9F1-406E-B53B-9664F8417B88}.Release|Any CPU.Build.0 = Release|Any CPU
		{87D07CA9-C3CB-47E0-A3F8-8F76D1DDDE7C}.Debug|Any CPU.ActiveCfg = Debug|Any CPU
		{87D07CA9-C3CB-47E0-A3F8-8F76D1DDDE7C}.Debug|Any CPU.Build.0 = Debug|Any CPU
		{87D07CA9-C3CB-47E0-A3F8-8F76D1DDDE7C}.Release|Any CPU.ActiveCfg = Release|Any CPU
		{87D07CA9-C3CB-47E0-A3F8-8F76D1DDDE7C}.Release|Any CPU.Build.0 = Release|Any CPU
		{A0CB95C0-0268-4592-AA64-DB26C1C35828}.Debug|Any CPU.ActiveCfg = Debug|Any CPU
		{A0CB95C0-0268-4592-AA64-DB26C1C35828}.Debug|Any CPU.Build.0 = Debug|Any CPU
		{A0CB95C0-0268-4592-AA64-DB26C1C35828}.Release|Any CPU.ActiveCfg = Release|Any CPU
		{A0CB95C0-0268-4592-AA64-DB26C1C35828}.Release|Any CPU.Build.0 = Release|Any CPU
	EndGlobalSection
	GlobalSection(SolutionProperties) = preSolution
		HideSolutionNode = FALSE
	EndGlobalSection
	GlobalSection(NestedProjects) = preSolution
		{B1AA156F-7465-40B3-9111-2F245FB62261} = {47E3D204-61D4-4B29-BA50-D2D336288137}
		{AEEAC4CE-706E-4725-8017-0A4ED08396B5} = {B1AA156F-7465-40B3-9111-2F245FB62261}
		{D4804759-9D43-4249-AF82-F8D88BBA8446} = {B1AA156F-7465-40B3-9111-2F245FB62261}
		{4F9245BA-658B-4AB7-BA82-7D873FEBDE9D} = {B1AA156F-7465-40B3-9111-2F245FB62261}
		{F7C9ACD7-C66A-404D-8721-2FB325EEF77F} = {D4804759-9D43-4249-AF82-F8D88BBA8446}
		{0FEC4B73-D697-4ED1-8338-46FF5093C540} = {D4804759-9D43-4249-AF82-F8D88BBA8446}
		{3DFDE43D-E4DF-44A9-B179-FAFE4D39BF12} = {D4804759-9D43-4249-AF82-F8D88BBA8446}
		{4513413A-6427-4459-A378-FDD28E096EE5} = {D4804759-9D43-4249-AF82-F8D88BBA8446}
		{F4203449-D9F1-406E-B53B-9664F8417B88} = {D4804759-9D43-4249-AF82-F8D88BBA8446}
		{87D07CA9-C3CB-47E0-A3F8-8F76D1DDDE7C} = {D4804759-9D43-4249-AF82-F8D88BBA8446}
		{9CC8F101-8223-4432-8847-5D2B9997AD92} = {B1AA156F-7465-40B3-9111-2F245FB62261}
		{C9070F6E-8E48-4073-B293-83F7666D45A0} = {D4804759-9D43-4249-AF82-F8D88BBA8446}
		{8E8C4D24-4C86-4733-9228-EE0C50ACCE94} = {47E3D204-61D4-4B29-BA50-D2D336288137}
		{AD499C81-D8A5-4CC7-BB17-C4B2BB157F13} = {8E8C4D24-4C86-4733-9228-EE0C50ACCE94}
		{90A0BFCA-A1A2-4F9D-9F61-6DF5E7B8A30C} = {8E8C4D24-4C86-4733-9228-EE0C50ACCE94}
		{36DA83E5-5997-48A8-AAC8-B6995E12D1CA} = {8E8C4D24-4C86-4733-9228-EE0C50ACCE94}
		{A0CB95C0-0268-4592-AA64-DB26C1C35828} = {AD499C81-D8A5-4CC7-BB17-C4B2BB157F13}
	EndGlobalSection
	GlobalSection(ExtensibilityGlobals) = postSolution
		SolutionGuid = {2AE9947C-D1D2-4C33-B59E-B63A1C009BCE}
	EndGlobalSection
EndGlobal
